// !$*UTF8*$!
{
	archiveVersion = 1;
	classes = {
	};
	objectVersion = 50;
	objects = {

/* Begin PBXBuildFile section */
		B3067275239BAD59003DF7E2 /* HomeCollectionTableviewCell.swift in Sources */ = {isa = PBXBuildFile; fileRef = B3067274239BAD59003DF7E2 /* HomeCollectionTableviewCell.swift */; };
		B3067277239BBE0E003DF7E2 /* HomeCollectionViewCell.swift in Sources */ = {isa = PBXBuildFile; fileRef = B3067276239BBE0E003DF7E2 /* HomeCollectionViewCell.swift */; };
		B3067279239BE6E6003DF7E2 /* API.swift in Sources */ = {isa = PBXBuildFile; fileRef = B3067278239BE6E6003DF7E2 /* API.swift */; };
		B306727B239BE723003DF7E2 /* URLSessionFactory.swift in Sources */ = {isa = PBXBuildFile; fileRef = B306727A239BE723003DF7E2 /* URLSessionFactory.swift */; };
		B306727D239BE9C3003DF7E2 /* NetworkService.swift in Sources */ = {isa = PBXBuildFile; fileRef = B306727C239BE9C3003DF7E2 /* NetworkService.swift */; };
		B306727F239BF591003DF7E2 /* URLBuilder.swift in Sources */ = {isa = PBXBuildFile; fileRef = B306727E239BF591003DF7E2 /* URLBuilder.swift */; };
		B3067281239C3C90003DF7E2 /* GamesListModel.swift in Sources */ = {isa = PBXBuildFile; fileRef = B3067280239C3C90003DF7E2 /* GamesListModel.swift */; };
		B31D682D239A467000576ED9 /* AddToFavoritesStubView.swift in Sources */ = {isa = PBXBuildFile; fileRef = B31D682C239A467000576ED9 /* AddToFavoritesStubView.swift */; };
		B31F1E282389538B000E4028 /* NoInternetViewController.swift in Sources */ = {isa = PBXBuildFile; fileRef = B31F1E272389538B000E4028 /* NoInternetViewController.swift */; };
		B31F1E2A23896634000E4028 /* UIElemets.swift in Sources */ = {isa = PBXBuildFile; fileRef = B31F1E2923896634000E4028 /* UIElemets.swift */; };
		B31FF25C2394FFF7002747E3 /* VGDVideoController.swift in Sources */ = {isa = PBXBuildFile; fileRef = B31FF25B2394FFF7002747E3 /* VGDVideoController.swift */; };
		B31FF25E23957321002747E3 /* ScreenshotsCollectionViewController.swift in Sources */ = {isa = PBXBuildFile; fileRef = B31FF25D23957321002747E3 /* ScreenshotsCollectionViewController.swift */; };
		B31FF2602395734E002747E3 /* ScreenshotsGalleryCell.swift in Sources */ = {isa = PBXBuildFile; fileRef = B31FF25F2395734E002747E3 /* ScreenshotsGalleryCell.swift */; };
		B321C7CD238AB71A00821B73 /* CoreDataStack.swift in Sources */ = {isa = PBXBuildFile; fileRef = B321C7CC238AB71A00821B73 /* CoreDataStack.swift */; };
		B321C7D0238AB76100821B73 /* VGDModel.xcdatamodeld in Sources */ = {isa = PBXBuildFile; fileRef = B321C7CE238AB76100821B73 /* VGDModel.xcdatamodeld */; };
		B321C7D2238AB7D100821B73 /* MOGameDetails.swift in Sources */ = {isa = PBXBuildFile; fileRef = B321C7D1238AB7D100821B73 /* MOGameDetails.swift */; };
		B321C7D8238AD49F00821B73 /* CoreDataManager.swift in Sources */ = {isa = PBXBuildFile; fileRef = B321C7D7238AD49F00821B73 /* CoreDataManager.swift */; };
		B32674192385508700B2E45E /* AppDelegate.swift in Sources */ = {isa = PBXBuildFile; fileRef = B32674182385508700B2E45E /* AppDelegate.swift */; };
		B32674202385508A00B2E45E /* Assets.xcassets in Resources */ = {isa = PBXBuildFile; fileRef = B326741F2385508A00B2E45E /* Assets.xcassets */; };
		B32674232385508A00B2E45E /* LaunchScreen.storyboard in Resources */ = {isa = PBXBuildFile; fileRef = B32674212385508A00B2E45E /* LaunchScreen.storyboard */; };
		B326742B2385514F00B2E45E /* TabBarController.swift in Sources */ = {isa = PBXBuildFile; fileRef = B326742A2385514F00B2E45E /* TabBarController.swift */; };
		B326742D238552C500B2E45E /* HomeViewController.swift in Sources */ = {isa = PBXBuildFile; fileRef = B326742C238552C500B2E45E /* HomeViewController.swift */; };
		B326742F2385531500B2E45E /* BrowseViewController.swift in Sources */ = {isa = PBXBuildFile; fileRef = B326742E2385531500B2E45E /* BrowseViewController.swift */; };
		B32674312385532500B2E45E /* SearchViewController.swift in Sources */ = {isa = PBXBuildFile; fileRef = B32674302385532500B2E45E /* SearchViewController.swift */; };
		B32674332385533D00B2E45E /* FavoritesViewController.swift in Sources */ = {isa = PBXBuildFile; fileRef = B32674322385533D00B2E45E /* FavoritesViewController.swift */; };
		B32674372385582900B2E45E /* LoaderViewController.swift in Sources */ = {isa = PBXBuildFile; fileRef = B32674362385582900B2E45E /* LoaderViewController.swift */; };
		B3267439238559A200B2E45E /* VGDLoader.swift in Sources */ = {isa = PBXBuildFile; fileRef = B3267438238559A200B2E45E /* VGDLoader.swift */; };
		B32A3870239675BB00445901 /* ScreenshotsSliderViewController.swift in Sources */ = {isa = PBXBuildFile; fileRef = B32A386F239675BB00445901 /* ScreenshotsSliderViewController.swift */; };
		B32A3872239676FA00445901 /* ScreenshotsSlideCell.swift in Sources */ = {isa = PBXBuildFile; fileRef = B32A3871239676FA00445901 /* ScreenshotsSlideCell.swift */; };
		B32E9D6C239B0567005FE0B3 /* GamesViewController.swift in Sources */ = {isa = PBXBuildFile; fileRef = B32E9D6B239B0567005FE0B3 /* GamesViewController.swift */; };
		B32E9D6E239B21CA005FE0B3 /* HomeThirdTableViewCell.swift in Sources */ = {isa = PBXBuildFile; fileRef = B32E9D6D239B21CA005FE0B3 /* HomeThirdTableViewCell.swift */; };
		B33D1E05239EC68600507264 /* APICollectionData.swift in Sources */ = {isa = PBXBuildFile; fileRef = B33D1E04239EC68600507264 /* APICollectionData.swift */; };
		B3490296238669AF000EF110 /* GameDetailsViewController.swift in Sources */ = {isa = PBXBuildFile; fileRef = B3490295238669AF000EF110 /* GameDetailsViewController.swift */; };
		B349029823866B44000EF110 /* Fonts.swift in Sources */ = {isa = PBXBuildFile; fileRef = B349029723866B44000EF110 /* Fonts.swift */; };
		B349029923867684000EF110 /* NewYorkExtraLarge-Black.otf in Resources */ = {isa = PBXBuildFile; fileRef = B349028A2386683E000EF110 /* NewYorkExtraLarge-Black.otf */; };
		B349029B23867688000EF110 /* NewYorkExtraLarge-Bold.otf in Resources */ = {isa = PBXBuildFile; fileRef = B349028B2386683E000EF110 /* NewYorkExtraLarge-Bold.otf */; };
		B34902A123867688000EF110 /* NewYorkExtraLarge-Regular.otf in Resources */ = {isa = PBXBuildFile; fileRef = B349028D2386683E000EF110 /* NewYorkExtraLarge-Regular.otf */; };
		B34902A223867688000EF110 /* NewYorkExtraLarge-RegularItalic.otf in Resources */ = {isa = PBXBuildFile; fileRef = B349028E2386683E000EF110 /* NewYorkExtraLarge-RegularItalic.otf */; };
		B34902B123867D5F000EF110 /* SF-Mono-Bold.otf in Resources */ = {isa = PBXBuildFile; fileRef = B34902B023867D38000EF110 /* SF-Mono-Bold.otf */; };
		B34902B523867D5F000EF110 /* SF-Mono-Light.otf in Resources */ = {isa = PBXBuildFile; fileRef = B34902A623867D36000EF110 /* SF-Mono-Light.otf */; };
		B34902B923867D5F000EF110 /* SF-Mono-Regular.otf in Resources */ = {isa = PBXBuildFile; fileRef = B34902AB23867D37000EF110 /* SF-Mono-Regular.otf */; };
		B34902BF238680B7000EF110 /* SF-Compact-Text-Bold.otf in Resources */ = {isa = PBXBuildFile; fileRef = B34902BE2386809A000EF110 /* SF-Compact-Text-Bold.otf */; };
		B34902C0238680B7000EF110 /* SF-Compact-Text-Regular.otf in Resources */ = {isa = PBXBuildFile; fileRef = B34902BD23867FBC000EF110 /* SF-Compact-Text-Regular.otf */; };
		B34902C2238680F4000EF110 /* SF-Compact-Text-Light.otf in Resources */ = {isa = PBXBuildFile; fileRef = B34902C1238680EF000EF110 /* SF-Compact-Text-Light.otf */; };
		B34902C42386B3BF000EF110 /* Colors.swift in Sources */ = {isa = PBXBuildFile; fileRef = B34902C32386B3BF000EF110 /* Colors.swift */; };
		B34902C82386D487000EF110 /* AboutView.swift in Sources */ = {isa = PBXBuildFile; fileRef = B34902C72386D487000EF110 /* AboutView.swift */; };
		B361A3C52392D55100002647 /* GDDescriptionTableViewCell.swift in Sources */ = {isa = PBXBuildFile; fileRef = B361A3C42392D55100002647 /* GDDescriptionTableViewCell.swift */; };
		B361A3C72392EF2000002647 /* GDVideoTableViewCell.swift in Sources */ = {isa = PBXBuildFile; fileRef = B361A3C62392EF2000002647 /* GDVideoTableViewCell.swift */; };
		B3751795239A9EEE00C83078 /* HomeTopTableViewCell.swift in Sources */ = {isa = PBXBuildFile; fileRef = B3751794239A9EEE00C83078 /* HomeTopTableViewCell.swift */; };
		B3751797239AC42100C83078 /* HomeSecondTableViewCell.swift in Sources */ = {isa = PBXBuildFile; fileRef = B3751796239AC42100C83078 /* HomeSecondTableViewCell.swift */; };
		B377190E238840950074E458 /* vgdLoadGIF.gif in Resources */ = {isa = PBXBuildFile; fileRef = B377190D238840950074E458 /* vgdLoadGIF.gif */; };
		B38788BA238C3E61007C0893 /* GameModelForKeeping.swift in Sources */ = {isa = PBXBuildFile; fileRef = B3DB6621238A8079008265A7 /* GameModelForKeeping.swift */; };
		B3915EC523856B4800C2B0C1 /* OnBoardViewController.swift in Sources */ = {isa = PBXBuildFile; fileRef = B3915EC423856B4800C2B0C1 /* OnBoardViewController.swift */; };
		B399019B23930BDB00E2AB2A /* GDScreenshotsTableViewCell.swift in Sources */ = {isa = PBXBuildFile; fileRef = B399019A23930BDB00E2AB2A /* GDScreenshotsTableViewCell.swift */; };
		B3994AAB2387D2CB000C705A /* PlayGIF.swift in Sources */ = {isa = PBXBuildFile; fileRef = B3994AAA2387D2CB000C705A /* PlayGIF.swift */; };
		B39C4919238D730700F4B7AC /* FavoritesTableViewCell.swift in Sources */ = {isa = PBXBuildFile; fileRef = B39C4918238D730700F4B7AC /* FavoritesTableViewCell.swift */; };
		B39C491D238D9AE100F4B7AC /* FavoritesSegmentControls.swift in Sources */ = {isa = PBXBuildFile; fileRef = B39C491C238D9AE100F4B7AC /* FavoritesSegmentControls.swift */; };
		B39C491F238DB7D900F4B7AC /* SearchResultTableViewCell.swift in Sources */ = {isa = PBXBuildFile; fileRef = B39C491E238DB7D900F4B7AC /* SearchResultTableViewCell.swift */; };
		B39C4921238DB7EB00F4B7AC /* SearchRecentTableViewCell.swift in Sources */ = {isa = PBXBuildFile; fileRef = B39C4920238DB7EB00F4B7AC /* SearchRecentTableViewCell.swift */; };
		B3A75B7A2397947000A94F9E /* StrechyHeaderView.swift in Sources */ = {isa = PBXBuildFile; fileRef = B3A75B792397947000A94F9E /* StrechyHeaderView.swift */; };
		B3A75B7E2397D7DF00A94F9E /* MORecentSearchRequest.swift in Sources */ = {isa = PBXBuildFile; fileRef = B3A75B7D2397D7DF00A94F9E /* MORecentSearchRequest.swift */; };
		B3A75B80239806C700A94F9E /* Extensions.swift in Sources */ = {isa = PBXBuildFile; fileRef = B3A75B7F239806C700A94F9E /* Extensions.swift */; };
		B3B6F503238FB8B90034AE3F /* GithubAuthorizationService.swift in Sources */ = {isa = PBXBuildFile; fileRef = B3B6F502238FB8B90034AE3F /* GithubAuthorizationService.swift */; };
		B3B6F505238FB9490034AE3F /* GithubAuthorizationConstants.swift in Sources */ = {isa = PBXBuildFile; fileRef = B3B6F504238FB9490034AE3F /* GithubAuthorizationConstants.swift */; };
		B3B6F507238FE1760034AE3F /* PrintLog.swift in Sources */ = {isa = PBXBuildFile; fileRef = B3B6F506238FE1760034AE3F /* PrintLog.swift */; };
		B3B6F509238FFD260034AE3F /* FavoritesPanelLikeButtonView.swift in Sources */ = {isa = PBXBuildFile; fileRef = B3B6F508238FFD260034AE3F /* FavoritesPanelLikeButtonView.swift */; };
		B3BA3B2B238BD00600B9C08D /* GameModelForKeepingTest.swift in Sources */ = {isa = PBXBuildFile; fileRef = B3BA3B2A238BD00600B9C08D /* GameModelForKeepingTest.swift */; };
		B3BF66CB239CE679008A653E /* GameModelTemporary.swift in Sources */ = {isa = PBXBuildFile; fileRef = B3BF66CA239CE679008A653E /* GameModelTemporary.swift */; };
		B3BF66CF239D5FD5008A653E /* UserDefaultsFacade.swift in Sources */ = {isa = PBXBuildFile; fileRef = B3BF66CE239D5FD5008A653E /* UserDefaultsFacade.swift */; };
		B3BF66D1239D8988008A653E /* GameDescription.swift in Sources */ = {isa = PBXBuildFile; fileRef = B3BF66D0239D8988008A653E /* GameDescription.swift */; };
		B3D56EC423911F1900B47B57 /* FavoritesSelectActionView.swift in Sources */ = {isa = PBXBuildFile; fileRef = B3D56EC323911F1900B47B57 /* FavoritesSelectActionView.swift */; };
		B3DB661F238A7F21008265A7 /* NetworkManager.swift in Sources */ = {isa = PBXBuildFile; fileRef = B3DB661E238A7F21008265A7 /* NetworkManager.swift */; };
		B3DB6622238A8079008265A7 /* GameModelForKeeping.swift in Sources */ = {isa = PBXBuildFile; fileRef = B3DB6621238A8079008265A7 /* GameModelForKeeping.swift */; };
		B3DB6626238A8F7D008265A7 /* GithubAuthViewController.swift in Sources */ = {isa = PBXBuildFile; fileRef = B3DB6625238A8F7D008265A7 /* GithubAuthViewController.swift */; };
		B3DB6628238AB45C008265A7 /* GithubTokenHelpers.swift in Sources */ = {isa = PBXBuildFile; fileRef = B3DB6627238AB45C008265A7 /* GithubTokenHelpers.swift */; };
		B3DF37CC239ECF2D00B46D85 /* BrowseTopTableViewCell.swift in Sources */ = {isa = PBXBuildFile; fileRef = B3DF37CB239ECF2D00B46D85 /* BrowseTopTableViewCell.swift */; };
		B3DF37CE239ED2C400B46D85 /* BrowseTopCollectionViewCell.swift in Sources */ = {isa = PBXBuildFile; fileRef = B3DF37CD239ED2C400B46D85 /* BrowseTopCollectionViewCell.swift */; };
		B3E352CA239E74CE00C5C34F /* UIBezierPath.swift in Sources */ = {isa = PBXBuildFile; fileRef = B3E352C9239E74CE00C5C34F /* UIBezierPath.swift */; };
		B3E352CC239E7CCC00C5C34F /* TVWindowView.swift in Sources */ = {isa = PBXBuildFile; fileRef = B3E352CB239E7CCC00C5C34F /* TVWindowView.swift */; };
		B3E352CE239E83F400C5C34F /* UIBezierPathExtension.swift in Sources */ = {isa = PBXBuildFile; fileRef = B3E352CD239E83F400C5C34F /* UIBezierPathExtension.swift */; };
		B3E352D0239E86B300C5C34F /* AngularWindowView.swift in Sources */ = {isa = PBXBuildFile; fileRef = B3E352CF239E86B300C5C34F /* AngularWindowView.swift */; };
		B3E37640239F8FA400CB3284 /* BrowsePlatformsTableViewCell.swift in Sources */ = {isa = PBXBuildFile; fileRef = B3E3763F239F8FA400CB3284 /* BrowsePlatformsTableViewCell.swift */; };
		B3E37642239F8FB500CB3284 /* BrowsePlatformsCollectionViewCell.swift in Sources */ = {isa = PBXBuildFile; fileRef = B3E37641239F8FB500CB3284 /* BrowsePlatformsCollectionViewCell.swift */; };
		B3E37644239F9F5400CB3284 /* TileWindowView.swift in Sources */ = {isa = PBXBuildFile; fileRef = B3E37643239F9F5400CB3284 /* TileWindowView.swift */; };
		B3E37646239F9F7D00CB3284 /* SqWindowView.swift in Sources */ = {isa = PBXBuildFile; fileRef = B3E37645239F9F7D00CB3284 /* SqWindowView.swift */; };
		B3E37649239FA10500CB3284 /* QuotesAboutVideoGames.swift in Sources */ = {isa = PBXBuildFile; fileRef = B3E37648239FA10500CB3284 /* QuotesAboutVideoGames.swift */; };
		B3E3764B239FA83900CB3284 /* BrowseQuoteTableViewCell.swift in Sources */ = {isa = PBXBuildFile; fileRef = B3E3764A239FA83900CB3284 /* BrowseQuoteTableViewCell.swift */; };
		B3E3764D239FB9E300CB3284 /* BrowseAgesTableViewCell.swift in Sources */ = {isa = PBXBuildFile; fileRef = B3E3764C239FB9E300CB3284 /* BrowseAgesTableViewCell.swift */; };
		B3E3764F239FB9F300CB3284 /* BrowseAgesCollectionViewCell.swift in Sources */ = {isa = PBXBuildFile; fileRef = B3E3764E239FB9F300CB3284 /* BrowseAgesCollectionViewCell.swift */; };
		B3FCD194238CFA5F001C9FDE /* SettingsViewController.swift in Sources */ = {isa = PBXBuildFile; fileRef = B3FCD193238CFA5F001C9FDE /* SettingsViewController.swift */; };
		B3FCD196238CFFF1001C9FDE /* AboutTableViewCell.swift in Sources */ = {isa = PBXBuildFile; fileRef = B3FCD195238CFFF1001C9FDE /* AboutTableViewCell.swift */; };
		B3FCD198238D0000001C9FDE /* SettingNormalTableViewCell.swift in Sources */ = {isa = PBXBuildFile; fileRef = B3FCD197238D0000001C9FDE /* SettingNormalTableViewCell.swift */; };
		B3FCD19A238D0365001C9FDE /* SettingViewNormal.swift in Sources */ = {isa = PBXBuildFile; fileRef = B3FCD199238D0365001C9FDE /* SettingViewNormal.swift */; };
		B3FCD19C238D0E67001C9FDE /* SettingModel.swift in Sources */ = {isa = PBXBuildFile; fileRef = B3FCD19B238D0E67001C9FDE /* SettingModel.swift */; };
		B3FCD19E238D252C001C9FDE /* SettingViewActive.swift in Sources */ = {isa = PBXBuildFile; fileRef = B3FCD19D238D252C001C9FDE /* SettingViewActive.swift */; };
		B3FCD1A0238D25BD001C9FDE /* SettingActiveTableViewCell.swift in Sources */ = {isa = PBXBuildFile; fileRef = B3FCD19F238D25BD001C9FDE /* SettingActiveTableViewCell.swift */; };
		B3FCD1A2238D3DD3001C9FDE /* SettingView.swift in Sources */ = {isa = PBXBuildFile; fileRef = B3FCD1A1238D3DD3001C9FDE /* SettingView.swift */; };
/* End PBXBuildFile section */

/* Begin PBXContainerItemProxy section */
		B3BA3B23238BCEC400B9C08D /* PBXContainerItemProxy */ = {
			isa = PBXContainerItemProxy;
			containerPortal = B326740D2385508700B2E45E /* Project object */;
			proxyType = 1;
			remoteGlobalIDString = B32674142385508700B2E45E;
			remoteInfo = "vigada (iss course work)";
		};
/* End PBXContainerItemProxy section */

/* Begin PBXFileReference section */
		B3067274239BAD59003DF7E2 /* HomeCollectionTableviewCell.swift */ = {isa = PBXFileReference; lastKnownFileType = sourcecode.swift; path = HomeCollectionTableviewCell.swift; sourceTree = "<group>"; };
		B3067276239BBE0E003DF7E2 /* HomeCollectionViewCell.swift */ = {isa = PBXFileReference; lastKnownFileType = sourcecode.swift; path = HomeCollectionViewCell.swift; sourceTree = "<group>"; };
		B3067278239BE6E6003DF7E2 /* API.swift */ = {isa = PBXFileReference; lastKnownFileType = sourcecode.swift; path = API.swift; sourceTree = "<group>"; };
		B306727A239BE723003DF7E2 /* URLSessionFactory.swift */ = {isa = PBXFileReference; lastKnownFileType = sourcecode.swift; path = URLSessionFactory.swift; sourceTree = "<group>"; };
		B306727C239BE9C3003DF7E2 /* NetworkService.swift */ = {isa = PBXFileReference; lastKnownFileType = sourcecode.swift; path = NetworkService.swift; sourceTree = "<group>"; };
		B306727E239BF591003DF7E2 /* URLBuilder.swift */ = {isa = PBXFileReference; lastKnownFileType = sourcecode.swift; path = URLBuilder.swift; sourceTree = "<group>"; };
		B3067280239C3C90003DF7E2 /* GamesListModel.swift */ = {isa = PBXFileReference; lastKnownFileType = sourcecode.swift; path = GamesListModel.swift; sourceTree = "<group>"; };
		B31D682C239A467000576ED9 /* AddToFavoritesStubView.swift */ = {isa = PBXFileReference; lastKnownFileType = sourcecode.swift; path = AddToFavoritesStubView.swift; sourceTree = "<group>"; };
		B31F1E272389538B000E4028 /* NoInternetViewController.swift */ = {isa = PBXFileReference; lastKnownFileType = sourcecode.swift; path = NoInternetViewController.swift; sourceTree = "<group>"; };
		B31F1E2923896634000E4028 /* UIElemets.swift */ = {isa = PBXFileReference; lastKnownFileType = sourcecode.swift; path = UIElemets.swift; sourceTree = "<group>"; };
		B31FF25B2394FFF7002747E3 /* VGDVideoController.swift */ = {isa = PBXFileReference; lastKnownFileType = sourcecode.swift; path = VGDVideoController.swift; sourceTree = "<group>"; };
		B31FF25D23957321002747E3 /* ScreenshotsCollectionViewController.swift */ = {isa = PBXFileReference; lastKnownFileType = sourcecode.swift; path = ScreenshotsCollectionViewController.swift; sourceTree = "<group>"; };
		B31FF25F2395734E002747E3 /* ScreenshotsGalleryCell.swift */ = {isa = PBXFileReference; lastKnownFileType = sourcecode.swift; path = ScreenshotsGalleryCell.swift; sourceTree = "<group>"; };
		B321C7CC238AB71A00821B73 /* CoreDataStack.swift */ = {isa = PBXFileReference; lastKnownFileType = sourcecode.swift; path = CoreDataStack.swift; sourceTree = "<group>"; };
		B321C7CF238AB76100821B73 /* VGDModel.xcdatamodel */ = {isa = PBXFileReference; lastKnownFileType = wrapper.xcdatamodel; path = VGDModel.xcdatamodel; sourceTree = "<group>"; };
		B321C7D1238AB7D100821B73 /* MOGameDetails.swift */ = {isa = PBXFileReference; lastKnownFileType = sourcecode.swift; path = MOGameDetails.swift; sourceTree = "<group>"; };
		B321C7D7238AD49F00821B73 /* CoreDataManager.swift */ = {isa = PBXFileReference; lastKnownFileType = sourcecode.swift; path = CoreDataManager.swift; sourceTree = "<group>"; };
		B32674152385508700B2E45E /* vigada (iss course work).app */ = {isa = PBXFileReference; explicitFileType = wrapper.application; includeInIndex = 0; path = "vigada (iss course work).app"; sourceTree = BUILT_PRODUCTS_DIR; };
		B32674182385508700B2E45E /* AppDelegate.swift */ = {isa = PBXFileReference; lastKnownFileType = sourcecode.swift; path = AppDelegate.swift; sourceTree = "<group>"; };
		B326741F2385508A00B2E45E /* Assets.xcassets */ = {isa = PBXFileReference; lastKnownFileType = folder.assetcatalog; path = Assets.xcassets; sourceTree = "<group>"; };
		B32674222385508A00B2E45E /* Base */ = {isa = PBXFileReference; lastKnownFileType = file.storyboard; name = Base; path = Base.lproj/LaunchScreen.storyboard; sourceTree = "<group>"; };
		B32674242385508A00B2E45E /* Info.plist */ = {isa = PBXFileReference; lastKnownFileType = text.plist.xml; path = Info.plist; sourceTree = "<group>"; };
		B326742A2385514F00B2E45E /* TabBarController.swift */ = {isa = PBXFileReference; lastKnownFileType = sourcecode.swift; path = TabBarController.swift; sourceTree = "<group>"; };
		B326742C238552C500B2E45E /* HomeViewController.swift */ = {isa = PBXFileReference; lastKnownFileType = sourcecode.swift; path = HomeViewController.swift; sourceTree = "<group>"; };
		B326742E2385531500B2E45E /* BrowseViewController.swift */ = {isa = PBXFileReference; lastKnownFileType = sourcecode.swift; path = BrowseViewController.swift; sourceTree = "<group>"; };
		B32674302385532500B2E45E /* SearchViewController.swift */ = {isa = PBXFileReference; lastKnownFileType = sourcecode.swift; path = SearchViewController.swift; sourceTree = "<group>"; };
		B32674322385533D00B2E45E /* FavoritesViewController.swift */ = {isa = PBXFileReference; lastKnownFileType = sourcecode.swift; path = FavoritesViewController.swift; sourceTree = "<group>"; };
		B32674362385582900B2E45E /* LoaderViewController.swift */ = {isa = PBXFileReference; lastKnownFileType = sourcecode.swift; path = LoaderViewController.swift; sourceTree = "<group>"; };
		B3267438238559A200B2E45E /* VGDLoader.swift */ = {isa = PBXFileReference; lastKnownFileType = sourcecode.swift; path = VGDLoader.swift; sourceTree = "<group>"; };
		B32A386F239675BB00445901 /* ScreenshotsSliderViewController.swift */ = {isa = PBXFileReference; lastKnownFileType = sourcecode.swift; path = ScreenshotsSliderViewController.swift; sourceTree = "<group>"; };
		B32A3871239676FA00445901 /* ScreenshotsSlideCell.swift */ = {isa = PBXFileReference; lastKnownFileType = sourcecode.swift; path = ScreenshotsSlideCell.swift; sourceTree = "<group>"; };
		B32E9D6B239B0567005FE0B3 /* GamesViewController.swift */ = {isa = PBXFileReference; lastKnownFileType = sourcecode.swift; path = GamesViewController.swift; sourceTree = "<group>"; };
		B32E9D6D239B21CA005FE0B3 /* HomeThirdTableViewCell.swift */ = {isa = PBXFileReference; lastKnownFileType = sourcecode.swift; path = HomeThirdTableViewCell.swift; sourceTree = "<group>"; };
		B33D1E04239EC68600507264 /* APICollectionData.swift */ = {isa = PBXFileReference; lastKnownFileType = sourcecode.swift; path = APICollectionData.swift; sourceTree = "<group>"; };
		B349028A2386683E000EF110 /* NewYorkExtraLarge-Black.otf */ = {isa = PBXFileReference; lastKnownFileType = file; path = "NewYorkExtraLarge-Black.otf"; sourceTree = "<group>"; };
		B349028B2386683E000EF110 /* NewYorkExtraLarge-Bold.otf */ = {isa = PBXFileReference; lastKnownFileType = file; path = "NewYorkExtraLarge-Bold.otf"; sourceTree = "<group>"; };
		B349028D2386683E000EF110 /* NewYorkExtraLarge-Regular.otf */ = {isa = PBXFileReference; lastKnownFileType = file; path = "NewYorkExtraLarge-Regular.otf"; sourceTree = "<group>"; };
		B349028E2386683E000EF110 /* NewYorkExtraLarge-RegularItalic.otf */ = {isa = PBXFileReference; lastKnownFileType = file; path = "NewYorkExtraLarge-RegularItalic.otf"; sourceTree = "<group>"; };
		B3490295238669AF000EF110 /* GameDetailsViewController.swift */ = {isa = PBXFileReference; lastKnownFileType = sourcecode.swift; path = GameDetailsViewController.swift; sourceTree = "<group>"; };
		B349029723866B44000EF110 /* Fonts.swift */ = {isa = PBXFileReference; lastKnownFileType = sourcecode.swift; path = Fonts.swift; sourceTree = "<group>"; };
		B34902A623867D36000EF110 /* SF-Mono-Light.otf */ = {isa = PBXFileReference; lastKnownFileType = file; path = "SF-Mono-Light.otf"; sourceTree = "<group>"; };
		B34902AB23867D37000EF110 /* SF-Mono-Regular.otf */ = {isa = PBXFileReference; lastKnownFileType = file; path = "SF-Mono-Regular.otf"; sourceTree = "<group>"; };
		B34902B023867D38000EF110 /* SF-Mono-Bold.otf */ = {isa = PBXFileReference; lastKnownFileType = file; path = "SF-Mono-Bold.otf"; sourceTree = "<group>"; };
		B34902BD23867FBC000EF110 /* SF-Compact-Text-Regular.otf */ = {isa = PBXFileReference; lastKnownFileType = file; path = "SF-Compact-Text-Regular.otf"; sourceTree = "<group>"; };
		B34902BE2386809A000EF110 /* SF-Compact-Text-Bold.otf */ = {isa = PBXFileReference; lastKnownFileType = file; path = "SF-Compact-Text-Bold.otf"; sourceTree = "<group>"; };
		B34902C1238680EF000EF110 /* SF-Compact-Text-Light.otf */ = {isa = PBXFileReference; lastKnownFileType = file; path = "SF-Compact-Text-Light.otf"; sourceTree = "<group>"; };
		B34902C32386B3BF000EF110 /* Colors.swift */ = {isa = PBXFileReference; lastKnownFileType = sourcecode.swift; path = Colors.swift; sourceTree = "<group>"; };
		B34902C72386D487000EF110 /* AboutView.swift */ = {isa = PBXFileReference; lastKnownFileType = sourcecode.swift; path = AboutView.swift; sourceTree = "<group>"; };
		B361A3C42392D55100002647 /* GDDescriptionTableViewCell.swift */ = {isa = PBXFileReference; lastKnownFileType = sourcecode.swift; path = GDDescriptionTableViewCell.swift; sourceTree = "<group>"; };
		B361A3C62392EF2000002647 /* GDVideoTableViewCell.swift */ = {isa = PBXFileReference; lastKnownFileType = sourcecode.swift; path = GDVideoTableViewCell.swift; sourceTree = "<group>"; };
		B3751794239A9EEE00C83078 /* HomeTopTableViewCell.swift */ = {isa = PBXFileReference; lastKnownFileType = sourcecode.swift; path = HomeTopTableViewCell.swift; sourceTree = "<group>"; };
		B3751796239AC42100C83078 /* HomeSecondTableViewCell.swift */ = {isa = PBXFileReference; lastKnownFileType = sourcecode.swift; path = HomeSecondTableViewCell.swift; sourceTree = "<group>"; };
		B377190D238840950074E458 /* vgdLoadGIF.gif */ = {isa = PBXFileReference; lastKnownFileType = image.gif; path = vgdLoadGIF.gif; sourceTree = "<group>"; };
		B3915EC423856B4800C2B0C1 /* OnBoardViewController.swift */ = {isa = PBXFileReference; lastKnownFileType = sourcecode.swift; path = OnBoardViewController.swift; sourceTree = "<group>"; };
		B399019A23930BDB00E2AB2A /* GDScreenshotsTableViewCell.swift */ = {isa = PBXFileReference; lastKnownFileType = sourcecode.swift; path = GDScreenshotsTableViewCell.swift; sourceTree = "<group>"; };
		B3994AAA2387D2CB000C705A /* PlayGIF.swift */ = {isa = PBXFileReference; lastKnownFileType = sourcecode.swift; path = PlayGIF.swift; sourceTree = "<group>"; };
		B39C4918238D730700F4B7AC /* FavoritesTableViewCell.swift */ = {isa = PBXFileReference; lastKnownFileType = sourcecode.swift; path = FavoritesTableViewCell.swift; sourceTree = "<group>"; };
		B39C491C238D9AE100F4B7AC /* FavoritesSegmentControls.swift */ = {isa = PBXFileReference; lastKnownFileType = sourcecode.swift; path = FavoritesSegmentControls.swift; sourceTree = "<group>"; };
		B39C491E238DB7D900F4B7AC /* SearchResultTableViewCell.swift */ = {isa = PBXFileReference; lastKnownFileType = sourcecode.swift; path = SearchResultTableViewCell.swift; sourceTree = "<group>"; };
		B39C4920238DB7EB00F4B7AC /* SearchRecentTableViewCell.swift */ = {isa = PBXFileReference; lastKnownFileType = sourcecode.swift; path = SearchRecentTableViewCell.swift; sourceTree = "<group>"; };
		B3A75B792397947000A94F9E /* StrechyHeaderView.swift */ = {isa = PBXFileReference; lastKnownFileType = sourcecode.swift; path = StrechyHeaderView.swift; sourceTree = "<group>"; };
		B3A75B7D2397D7DF00A94F9E /* MORecentSearchRequest.swift */ = {isa = PBXFileReference; lastKnownFileType = sourcecode.swift; path = MORecentSearchRequest.swift; sourceTree = "<group>"; };
		B3A75B7F239806C700A94F9E /* Extensions.swift */ = {isa = PBXFileReference; lastKnownFileType = sourcecode.swift; path = Extensions.swift; sourceTree = "<group>"; };
		B3B6F502238FB8B90034AE3F /* GithubAuthorizationService.swift */ = {isa = PBXFileReference; lastKnownFileType = sourcecode.swift; path = GithubAuthorizationService.swift; sourceTree = "<group>"; };
		B3B6F504238FB9490034AE3F /* GithubAuthorizationConstants.swift */ = {isa = PBXFileReference; lastKnownFileType = sourcecode.swift; path = GithubAuthorizationConstants.swift; sourceTree = "<group>"; };
		B3B6F506238FE1760034AE3F /* PrintLog.swift */ = {isa = PBXFileReference; lastKnownFileType = sourcecode.swift; path = PrintLog.swift; sourceTree = "<group>"; };
		B3B6F508238FFD260034AE3F /* FavoritesPanelLikeButtonView.swift */ = {isa = PBXFileReference; lastKnownFileType = sourcecode.swift; path = FavoritesPanelLikeButtonView.swift; sourceTree = "<group>"; };
		B3BA3B1E238BCEC400B9C08D /* vigada (iss course work)Tests.xctest */ = {isa = PBXFileReference; explicitFileType = wrapper.cfbundle; includeInIndex = 0; path = "vigada (iss course work)Tests.xctest"; sourceTree = BUILT_PRODUCTS_DIR; };
		B3BA3B22238BCEC400B9C08D /* Info.plist */ = {isa = PBXFileReference; lastKnownFileType = text.plist.xml; path = Info.plist; sourceTree = "<group>"; };
		B3BA3B2A238BD00600B9C08D /* GameModelForKeepingTest.swift */ = {isa = PBXFileReference; lastKnownFileType = sourcecode.swift; path = GameModelForKeepingTest.swift; sourceTree = "<group>"; };
		B3BF66CA239CE679008A653E /* GameModelTemporary.swift */ = {isa = PBXFileReference; lastKnownFileType = sourcecode.swift; path = GameModelTemporary.swift; sourceTree = "<group>"; };
		B3BF66CE239D5FD5008A653E /* UserDefaultsFacade.swift */ = {isa = PBXFileReference; lastKnownFileType = sourcecode.swift; path = UserDefaultsFacade.swift; sourceTree = "<group>"; };
		B3BF66D0239D8988008A653E /* GameDescription.swift */ = {isa = PBXFileReference; lastKnownFileType = sourcecode.swift; path = GameDescription.swift; sourceTree = "<group>"; };
		B3D56EC323911F1900B47B57 /* FavoritesSelectActionView.swift */ = {isa = PBXFileReference; lastKnownFileType = sourcecode.swift; path = FavoritesSelectActionView.swift; sourceTree = "<group>"; };
		B3DB661E238A7F21008265A7 /* NetworkManager.swift */ = {isa = PBXFileReference; lastKnownFileType = sourcecode.swift; path = NetworkManager.swift; sourceTree = "<group>"; };
		B3DB6621238A8079008265A7 /* GameModelForKeeping.swift */ = {isa = PBXFileReference; lastKnownFileType = sourcecode.swift; path = GameModelForKeeping.swift; sourceTree = "<group>"; };
		B3DB6625238A8F7D008265A7 /* GithubAuthViewController.swift */ = {isa = PBXFileReference; lastKnownFileType = sourcecode.swift; path = GithubAuthViewController.swift; sourceTree = "<group>"; };
		B3DB6627238AB45C008265A7 /* GithubTokenHelpers.swift */ = {isa = PBXFileReference; lastKnownFileType = sourcecode.swift; path = GithubTokenHelpers.swift; sourceTree = "<group>"; };
		B3DF37CB239ECF2D00B46D85 /* BrowseTopTableViewCell.swift */ = {isa = PBXFileReference; lastKnownFileType = sourcecode.swift; path = BrowseTopTableViewCell.swift; sourceTree = "<group>"; };
		B3DF37CD239ED2C400B46D85 /* BrowseTopCollectionViewCell.swift */ = {isa = PBXFileReference; lastKnownFileType = sourcecode.swift; path = BrowseTopCollectionViewCell.swift; sourceTree = "<group>"; };
		B3E352C9239E74CE00C5C34F /* UIBezierPath.swift */ = {isa = PBXFileReference; lastKnownFileType = sourcecode.swift; path = UIBezierPath.swift; sourceTree = "<group>"; };
		B3E352CB239E7CCC00C5C34F /* TVWindowView.swift */ = {isa = PBXFileReference; lastKnownFileType = sourcecode.swift; path = TVWindowView.swift; sourceTree = "<group>"; };
		B3E352CD239E83F400C5C34F /* UIBezierPathExtension.swift */ = {isa = PBXFileReference; lastKnownFileType = sourcecode.swift; path = UIBezierPathExtension.swift; sourceTree = "<group>"; };
		B3E352CF239E86B300C5C34F /* AngularWindowView.swift */ = {isa = PBXFileReference; lastKnownFileType = sourcecode.swift; path = AngularWindowView.swift; sourceTree = "<group>"; };
		B3E3763F239F8FA400CB3284 /* BrowsePlatformsTableViewCell.swift */ = {isa = PBXFileReference; lastKnownFileType = sourcecode.swift; path = BrowsePlatformsTableViewCell.swift; sourceTree = "<group>"; };
		B3E37641239F8FB500CB3284 /* BrowsePlatformsCollectionViewCell.swift */ = {isa = PBXFileReference; lastKnownFileType = sourcecode.swift; path = BrowsePlatformsCollectionViewCell.swift; sourceTree = "<group>"; };
		B3E37643239F9F5400CB3284 /* TileWindowView.swift */ = {isa = PBXFileReference; lastKnownFileType = sourcecode.swift; path = TileWindowView.swift; sourceTree = "<group>"; };
		B3E37645239F9F7D00CB3284 /* SqWindowView.swift */ = {isa = PBXFileReference; lastKnownFileType = sourcecode.swift; path = SqWindowView.swift; sourceTree = "<group>"; };
		B3E37648239FA10500CB3284 /* QuotesAboutVideoGames.swift */ = {isa = PBXFileReference; lastKnownFileType = sourcecode.swift; path = QuotesAboutVideoGames.swift; sourceTree = "<group>"; };
		B3E3764A239FA83900CB3284 /* BrowseQuoteTableViewCell.swift */ = {isa = PBXFileReference; lastKnownFileType = sourcecode.swift; path = BrowseQuoteTableViewCell.swift; sourceTree = "<group>"; };
		B3E3764C239FB9E300CB3284 /* BrowseAgesTableViewCell.swift */ = {isa = PBXFileReference; lastKnownFileType = sourcecode.swift; path = BrowseAgesTableViewCell.swift; sourceTree = "<group>"; };
		B3E3764E239FB9F300CB3284 /* BrowseAgesCollectionViewCell.swift */ = {isa = PBXFileReference; lastKnownFileType = sourcecode.swift; path = BrowseAgesCollectionViewCell.swift; sourceTree = "<group>"; };
		B3FCD193238CFA5F001C9FDE /* SettingsViewController.swift */ = {isa = PBXFileReference; lastKnownFileType = sourcecode.swift; path = SettingsViewController.swift; sourceTree = "<group>"; };
		B3FCD195238CFFF1001C9FDE /* AboutTableViewCell.swift */ = {isa = PBXFileReference; lastKnownFileType = sourcecode.swift; path = AboutTableViewCell.swift; sourceTree = "<group>"; };
		B3FCD197238D0000001C9FDE /* SettingNormalTableViewCell.swift */ = {isa = PBXFileReference; lastKnownFileType = sourcecode.swift; path = SettingNormalTableViewCell.swift; sourceTree = "<group>"; };
		B3FCD199238D0365001C9FDE /* SettingViewNormal.swift */ = {isa = PBXFileReference; lastKnownFileType = sourcecode.swift; path = SettingViewNormal.swift; sourceTree = "<group>"; };
		B3FCD19B238D0E67001C9FDE /* SettingModel.swift */ = {isa = PBXFileReference; lastKnownFileType = sourcecode.swift; path = SettingModel.swift; sourceTree = "<group>"; };
		B3FCD19D238D252C001C9FDE /* SettingViewActive.swift */ = {isa = PBXFileReference; lastKnownFileType = sourcecode.swift; path = SettingViewActive.swift; sourceTree = "<group>"; };
		B3FCD19F238D25BD001C9FDE /* SettingActiveTableViewCell.swift */ = {isa = PBXFileReference; lastKnownFileType = sourcecode.swift; path = SettingActiveTableViewCell.swift; sourceTree = "<group>"; };
		B3FCD1A1238D3DD3001C9FDE /* SettingView.swift */ = {isa = PBXFileReference; lastKnownFileType = sourcecode.swift; path = SettingView.swift; sourceTree = "<group>"; };
/* End PBXFileReference section */

/* Begin PBXFrameworksBuildPhase section */
		B32674122385508700B2E45E /* Frameworks */ = {
			isa = PBXFrameworksBuildPhase;
			buildActionMask = 2147483647;
			files = (
			);
			runOnlyForDeploymentPostprocessing = 0;
		};
		B3BA3B1B238BCEC400B9C08D /* Frameworks */ = {
			isa = PBXFrameworksBuildPhase;
			buildActionMask = 2147483647;
			files = (
			);
			runOnlyForDeploymentPostprocessing = 0;
		};
/* End PBXFrameworksBuildPhase section */

/* Begin PBXGroup section */
		B326740C2385508700B2E45E = {
			isa = PBXGroup;
			children = (
				B32674172385508700B2E45E /* vigada (iss course work) */,
				B3BA3B1F238BCEC400B9C08D /* vigada (iss course work)Tests */,
				B32674162385508700B2E45E /* Products */,
			);
			sourceTree = "<group>";
		};
		B32674162385508700B2E45E /* Products */ = {
			isa = PBXGroup;
			children = (
				B32674152385508700B2E45E /* vigada (iss course work).app */,
				B3BA3B1E238BCEC400B9C08D /* vigada (iss course work)Tests.xctest */,
			);
			name = Products;
			sourceTree = "<group>";
		};
		B32674172385508700B2E45E /* vigada (iss course work) */ = {
			isa = PBXGroup;
			children = (
				B3E37647239FA0E300CB3284 /* Data */,
				B3DB6620238A806D008265A7 /* Model */,
				B3DB6605238A678F008265A7 /* DataServices */,
				B326743C23855AD600B2E45E /* Controllers */,
				B37FCBBE2385F07F00BE845A /* Cells */,
				B37FCBBD2385F07100BE845A /* Views */,
				B3FCD1A3238D48F4001C9FDE /* Utils */,
				B326743D23855B0300B2E45E /* Helpers */,
				B349029423866845000EF110 /* Fonts */,
				B3994AAC2387D465000C705A /* Media */,
				B326741F2385508A00B2E45E /* Assets.xcassets */,
				B32674212385508A00B2E45E /* LaunchScreen.storyboard */,
				B32674182385508700B2E45E /* AppDelegate.swift */,
				B32674242385508A00B2E45E /* Info.plist */,
			);
			path = "vigada (iss course work)";
			sourceTree = "<group>";
		};
		B326743B23855AB000B2E45E /* ViewControllers */ = {
			isa = PBXGroup;
			children = (
				B3915EC423856B4800C2B0C1 /* OnBoardViewController.swift */,
				B32674362385582900B2E45E /* LoaderViewController.swift */,
				B31F1E272389538B000E4028 /* NoInternetViewController.swift */,
				B326742C238552C500B2E45E /* HomeViewController.swift */,
				B326742E2385531500B2E45E /* BrowseViewController.swift */,
				B32E9D6B239B0567005FE0B3 /* GamesViewController.swift */,
				B32674302385532500B2E45E /* SearchViewController.swift */,
				B32674322385533D00B2E45E /* FavoritesViewController.swift */,
				B3490295238669AF000EF110 /* GameDetailsViewController.swift */,
				B31FF25D23957321002747E3 /* ScreenshotsCollectionViewController.swift */,
				B32A386F239675BB00445901 /* ScreenshotsSliderViewController.swift */,
				B3FCD193238CFA5F001C9FDE /* SettingsViewController.swift */,
				B3DB6625238A8F7D008265A7 /* GithubAuthViewController.swift */,
			);
			name = ViewControllers;
			sourceTree = "<group>";
		};
		B326743C23855AD600B2E45E /* Controllers */ = {
			isa = PBXGroup;
			children = (
				B326742A2385514F00B2E45E /* TabBarController.swift */,
				B31FF25B2394FFF7002747E3 /* VGDVideoController.swift */,
				B326743B23855AB000B2E45E /* ViewControllers */,
			);
			name = Controllers;
			sourceTree = "<group>";
		};
		B326743D23855B0300B2E45E /* Helpers */ = {
			isa = PBXGroup;
			children = (
				B349029723866B44000EF110 /* Fonts.swift */,
				B3994AAA2387D2CB000C705A /* PlayGIF.swift */,
				B31F1E2923896634000E4028 /* UIElemets.swift */,
				B34902C32386B3BF000EF110 /* Colors.swift */,
			);
			name = Helpers;
			sourceTree = "<group>";
		};
		B349029423866845000EF110 /* Fonts */ = {
			isa = PBXGroup;
			children = (
				B34902C1238680EF000EF110 /* SF-Compact-Text-Light.otf */,
				B34902BE2386809A000EF110 /* SF-Compact-Text-Bold.otf */,
				B34902BD23867FBC000EF110 /* SF-Compact-Text-Regular.otf */,
				B34902B023867D38000EF110 /* SF-Mono-Bold.otf */,
				B34902A623867D36000EF110 /* SF-Mono-Light.otf */,
				B34902AB23867D37000EF110 /* SF-Mono-Regular.otf */,
				B349028A2386683E000EF110 /* NewYorkExtraLarge-Black.otf */,
				B349028B2386683E000EF110 /* NewYorkExtraLarge-Bold.otf */,
				B349028D2386683E000EF110 /* NewYorkExtraLarge-Regular.otf */,
				B349028E2386683E000EF110 /* NewYorkExtraLarge-RegularItalic.otf */,
			);
			path = Fonts;
			sourceTree = "<group>";
		};
		B37FCBBD2385F07100BE845A /* Views */ = {
			isa = PBXGroup;
			children = (
				B3A75B792397947000A94F9E /* StrechyHeaderView.swift */,
				B3B6F508238FFD260034AE3F /* FavoritesPanelLikeButtonView.swift */,
				B31D682C239A467000576ED9 /* AddToFavoritesStubView.swift */,
				B3D56EC323911F1900B47B57 /* FavoritesSelectActionView.swift */,
				B3FCD1A1238D3DD3001C9FDE /* SettingView.swift */,
				B3FCD199238D0365001C9FDE /* SettingViewNormal.swift */,
				B3FCD19D238D252C001C9FDE /* SettingViewActive.swift */,
				B34902C72386D487000EF110 /* AboutView.swift */,
				B3E352CB239E7CCC00C5C34F /* TVWindowView.swift */,
				B3E352CF239E86B300C5C34F /* AngularWindowView.swift */,
				B3E37643239F9F5400CB3284 /* TileWindowView.swift */,
				B3E37645239F9F7D00CB3284 /* SqWindowView.swift */,
			);
			name = Views;
			sourceTree = "<group>";
		};
		B37FCBBE2385F07F00BE845A /* Cells */ = {
			isa = PBXGroup;
			children = (
				B3751794239A9EEE00C83078 /* HomeTopTableViewCell.swift */,
				B3751796239AC42100C83078 /* HomeSecondTableViewCell.swift */,
				B32E9D6D239B21CA005FE0B3 /* HomeThirdTableViewCell.swift */,
				B3067274239BAD59003DF7E2 /* HomeCollectionTableviewCell.swift */,
				B3067276239BBE0E003DF7E2 /* HomeCollectionViewCell.swift */,
				B3E3764A239FA83900CB3284 /* BrowseQuoteTableViewCell.swift */,
				B3DF37CB239ECF2D00B46D85 /* BrowseTopTableViewCell.swift */,
				B3DF37CD239ED2C400B46D85 /* BrowseTopCollectionViewCell.swift */,
				B3E3763F239F8FA400CB3284 /* BrowsePlatformsTableViewCell.swift */,
				B3E37641239F8FB500CB3284 /* BrowsePlatformsCollectionViewCell.swift */,
				B3E3764C239FB9E300CB3284 /* BrowseAgesTableViewCell.swift */,
				B3E3764E239FB9F300CB3284 /* BrowseAgesCollectionViewCell.swift */,
				B39C491E238DB7D900F4B7AC /* SearchResultTableViewCell.swift */,
				B39C4920238DB7EB00F4B7AC /* SearchRecentTableViewCell.swift */,
				B39C4918238D730700F4B7AC /* FavoritesTableViewCell.swift */,
				B361A3C42392D55100002647 /* GDDescriptionTableViewCell.swift */,
				B399019A23930BDB00E2AB2A /* GDScreenshotsTableViewCell.swift */,
				B361A3C62392EF2000002647 /* GDVideoTableViewCell.swift */,
				B31FF25F2395734E002747E3 /* ScreenshotsGalleryCell.swift */,
				B32A3871239676FA00445901 /* ScreenshotsSlideCell.swift */,
				B3FCD197238D0000001C9FDE /* SettingNormalTableViewCell.swift */,
				B3FCD19F238D25BD001C9FDE /* SettingActiveTableViewCell.swift */,
				B3FCD195238CFFF1001C9FDE /* AboutTableViewCell.swift */,
			);
			name = Cells;
			sourceTree = "<group>";
		};
		B3994AAC2387D465000C705A /* Media */ = {
			isa = PBXGroup;
			children = (
				B377190D238840950074E458 /* vgdLoadGIF.gif */,
			);
			path = Media;
			sourceTree = "<group>";
		};
		B3BA3B1F238BCEC400B9C08D /* vigada (iss course work)Tests */ = {
			isa = PBXGroup;
			children = (
				B3BA3B2A238BD00600B9C08D /* GameModelForKeepingTest.swift */,
				B3BA3B22238BCEC400B9C08D /* Info.plist */,
			);
			path = "vigada (iss course work)Tests";
			sourceTree = "<group>";
		};
		B3DB6605238A678F008265A7 /* DataServices */ = {
			isa = PBXGroup;
			children = (
				B3DB6607238A67AC008265A7 /* CoreData */,
				B3DB6606238A67A0008265A7 /* Network */,
			);
			name = DataServices;
			sourceTree = "<group>";
		};
		B3DB6606238A67A0008265A7 /* Network */ = {
			isa = PBXGroup;
			children = (
				B3067278239BE6E6003DF7E2 /* API.swift */,
				B306727E239BF591003DF7E2 /* URLBuilder.swift */,
				B306727A239BE723003DF7E2 /* URLSessionFactory.swift */,
				B306727C239BE9C3003DF7E2 /* NetworkService.swift */,
				B3DB661E238A7F21008265A7 /* NetworkManager.swift */,
				B3B6F502238FB8B90034AE3F /* GithubAuthorizationService.swift */,
				B3B6F504238FB9490034AE3F /* GithubAuthorizationConstants.swift */,
			);
			name = Network;
			sourceTree = "<group>";
		};
		B3DB6607238A67AC008265A7 /* CoreData */ = {
			isa = PBXGroup;
			children = (
				B321C7CC238AB71A00821B73 /* CoreDataStack.swift */,
				B321C7D7238AD49F00821B73 /* CoreDataManager.swift */,
				B321C7CE238AB76100821B73 /* VGDModel.xcdatamodeld */,
				B321C7D1238AB7D100821B73 /* MOGameDetails.swift */,
				B3A75B7D2397D7DF00A94F9E /* MORecentSearchRequest.swift */,
			);
			name = CoreData;
			sourceTree = "<group>";
		};
		B3DB6620238A806D008265A7 /* Model */ = {
			isa = PBXGroup;
			children = (
				B3DB6621238A8079008265A7 /* GameModelForKeeping.swift */,
				B3BF66CA239CE679008A653E /* GameModelTemporary.swift */,
				B3067280239C3C90003DF7E2 /* GamesListModel.swift */,
				B3BF66D0239D8988008A653E /* GameDescription.swift */,
				B39C491C238D9AE100F4B7AC /* FavoritesSegmentControls.swift */,
				B3FCD19B238D0E67001C9FDE /* SettingModel.swift */,
			);
			name = Model;
			sourceTree = "<group>";
		};
		B3E37647239FA0E300CB3284 /* Data */ = {
			isa = PBXGroup;
			children = (
				B3E37648239FA10500CB3284 /* QuotesAboutVideoGames.swift */,
				B33D1E04239EC68600507264 /* APICollectionData.swift */,
			);
			name = Data;
			sourceTree = "<group>";
		};
		B3FCD1A3238D48F4001C9FDE /* Utils */ = {
			isa = PBXGroup;
			children = (
				B3B6F506238FE1760034AE3F /* PrintLog.swift */,
				B3DB6627238AB45C008265A7 /* GithubTokenHelpers.swift */,
				B3E352C9239E74CE00C5C34F /* UIBezierPath.swift */,
				B3E352CD239E83F400C5C34F /* UIBezierPathExtension.swift */,
				B3267438238559A200B2E45E /* VGDLoader.swift */,
				B3BF66CE239D5FD5008A653E /* UserDefaultsFacade.swift */,
				B3A75B7F239806C700A94F9E /* Extensions.swift */,
			);
			name = Utils;
			sourceTree = "<group>";
		};
/* End PBXGroup section */

/* Begin PBXNativeTarget section */
		B32674142385508700B2E45E /* vigada (iss course work) */ = {
			isa = PBXNativeTarget;
			buildConfigurationList = B32674272385508A00B2E45E /* Build configuration list for PBXNativeTarget "vigada (iss course work)" */;
			buildPhases = (
				B326743A23855A9800B2E45E /* ShellScript */,
				B32674112385508700B2E45E /* Sources */,
				B32674122385508700B2E45E /* Frameworks */,
				B32674132385508700B2E45E /* Resources */,
			);
			buildRules = (
			);
			dependencies = (
			);
			name = "vigada (iss course work)";
			productName = "vigada (iss course work)";
			productReference = B32674152385508700B2E45E /* vigada (iss course work).app */;
			productType = "com.apple.product-type.application";
		};
		B3BA3B1D238BCEC400B9C08D /* vigada (iss course work)Tests */ = {
			isa = PBXNativeTarget;
			buildConfigurationList = B3BA3B27238BCEC500B9C08D /* Build configuration list for PBXNativeTarget "vigada (iss course work)Tests" */;
			buildPhases = (
				B3BA3B1A238BCEC400B9C08D /* Sources */,
				B3BA3B1B238BCEC400B9C08D /* Frameworks */,
				B3BA3B1C238BCEC400B9C08D /* Resources */,
			);
			buildRules = (
			);
			dependencies = (
				B3BA3B24238BCEC400B9C08D /* PBXTargetDependency */,
			);
			name = "vigada (iss course work)Tests";
			productName = "vigada (iss course work)Tests";
			productReference = B3BA3B1E238BCEC400B9C08D /* vigada (iss course work)Tests.xctest */;
			productType = "com.apple.product-type.bundle.unit-test";
		};
/* End PBXNativeTarget section */

/* Begin PBXProject section */
		B326740D2385508700B2E45E /* Project object */ = {
			isa = PBXProject;
			attributes = {
				LastSwiftUpdateCheck = 1030;
				LastUpgradeCheck = 1030;
				ORGANIZATIONNAME = "Maxim Marchuk";
				TargetAttributes = {
					B32674142385508700B2E45E = {
						CreatedOnToolsVersion = 10.3;
					};
					B3BA3B1D238BCEC400B9C08D = {
						CreatedOnToolsVersion = 10.3;
					};
				};
			};
			buildConfigurationList = B32674102385508700B2E45E /* Build configuration list for PBXProject "vigada (iss course work)" */;
			compatibilityVersion = "Xcode 9.3";
			developmentRegion = en;
			hasScannedForEncodings = 0;
			knownRegions = (
				en,
				Base,
			);
			mainGroup = B326740C2385508700B2E45E;
			productRefGroup = B32674162385508700B2E45E /* Products */;
			projectDirPath = "";
			projectRoot = "";
			targets = (
				B32674142385508700B2E45E /* vigada (iss course work) */,
				B3BA3B1D238BCEC400B9C08D /* vigada (iss course work)Tests */,
			);
		};
/* End PBXProject section */

/* Begin PBXResourcesBuildPhase section */
		B32674132385508700B2E45E /* Resources */ = {
			isa = PBXResourcesBuildPhase;
			buildActionMask = 2147483647;
			files = (
				B349029B23867688000EF110 /* NewYorkExtraLarge-Bold.otf in Resources */,
				B34902B523867D5F000EF110 /* SF-Mono-Light.otf in Resources */,
				B34902C0238680B7000EF110 /* SF-Compact-Text-Regular.otf in Resources */,
				B377190E238840950074E458 /* vgdLoadGIF.gif in Resources */,
				B34902A223867688000EF110 /* NewYorkExtraLarge-RegularItalic.otf in Resources */,
				B34902B923867D5F000EF110 /* SF-Mono-Regular.otf in Resources */,
				B349029923867684000EF110 /* NewYorkExtraLarge-Black.otf in Resources */,
				B32674232385508A00B2E45E /* LaunchScreen.storyboard in Resources */,
				B34902C2238680F4000EF110 /* SF-Compact-Text-Light.otf in Resources */,
				B34902BF238680B7000EF110 /* SF-Compact-Text-Bold.otf in Resources */,
				B34902B123867D5F000EF110 /* SF-Mono-Bold.otf in Resources */,
				B32674202385508A00B2E45E /* Assets.xcassets in Resources */,
				B34902A123867688000EF110 /* NewYorkExtraLarge-Regular.otf in Resources */,
			);
			runOnlyForDeploymentPostprocessing = 0;
		};
		B3BA3B1C238BCEC400B9C08D /* Resources */ = {
			isa = PBXResourcesBuildPhase;
			buildActionMask = 2147483647;
			files = (
			);
			runOnlyForDeploymentPostprocessing = 0;
		};
/* End PBXResourcesBuildPhase section */

/* Begin PBXShellScriptBuildPhase section */
		B326743A23855A9800B2E45E /* ShellScript */ = {
			isa = PBXShellScriptBuildPhase;
			buildActionMask = 2147483647;
			files = (
			);
			inputFileListPaths = (
			);
			inputPaths = (
			);
			outputFileListPaths = (
			);
			outputPaths = (
			);
			runOnlyForDeploymentPostprocessing = 0;
			shellPath = /bin/sh;
			shellScript = "# Type a script or drag a script file from your workspace to insert its path.\nif which swiftlint >/dev/null; then\nswiftlint\nelse\necho \"warning: SwiftLint not installed, download from https://github.com/realm/SwiftLint\"\nfi\n";
		};
/* End PBXShellScriptBuildPhase section */

/* Begin PBXSourcesBuildPhase section */
		B32674112385508700B2E45E /* Sources */ = {
			isa = PBXSourcesBuildPhase;
			buildActionMask = 2147483647;
			files = (
				B3FCD1A0238D25BD001C9FDE /* SettingActiveTableViewCell.swift in Sources */,
				B32674312385532500B2E45E /* SearchViewController.swift in Sources */,
				B39C491D238D9AE100F4B7AC /* FavoritesSegmentControls.swift in Sources */,
				B3B6F505238FB9490034AE3F /* GithubAuthorizationConstants.swift in Sources */,
				B3BF66D1239D8988008A653E /* GameDescription.swift in Sources */,
				B326742B2385514F00B2E45E /* TabBarController.swift in Sources */,
				B3E37640239F8FA400CB3284 /* BrowsePlatformsTableViewCell.swift in Sources */,
				B3E37642239F8FB500CB3284 /* BrowsePlatformsCollectionViewCell.swift in Sources */,
				B3267439238559A200B2E45E /* VGDLoader.swift in Sources */,
				B3E352D0239E86B300C5C34F /* AngularWindowView.swift in Sources */,
				B31FF2602395734E002747E3 /* ScreenshotsGalleryCell.swift in Sources */,
				B3994AAB2387D2CB000C705A /* PlayGIF.swift in Sources */,
				B3FCD19A238D0365001C9FDE /* SettingViewNormal.swift in Sources */,
				B34902C82386D487000EF110 /* AboutView.swift in Sources */,
				B349029823866B44000EF110 /* Fonts.swift in Sources */,
				B3B6F507238FE1760034AE3F /* PrintLog.swift in Sources */,
				B31FF25E23957321002747E3 /* ScreenshotsCollectionViewController.swift in Sources */,
				B3DB6626238A8F7D008265A7 /* GithubAuthViewController.swift in Sources */,
				B3E37644239F9F5400CB3284 /* TileWindowView.swift in Sources */,
				B3BF66CF239D5FD5008A653E /* UserDefaultsFacade.swift in Sources */,
				B3067275239BAD59003DF7E2 /* HomeCollectionTableviewCell.swift in Sources */,
				B3E352CA239E74CE00C5C34F /* UIBezierPath.swift in Sources */,
				B32E9D6C239B0567005FE0B3 /* GamesViewController.swift in Sources */,
				B3FCD19E238D252C001C9FDE /* SettingViewActive.swift in Sources */,
				B3FCD19C238D0E67001C9FDE /* SettingModel.swift in Sources */,
				B3915EC523856B4800C2B0C1 /* OnBoardViewController.swift in Sources */,
				B32674372385582900B2E45E /* LoaderViewController.swift in Sources */,
				B3B6F503238FB8B90034AE3F /* GithubAuthorizationService.swift in Sources */,
				B3B6F509238FFD260034AE3F /* FavoritesPanelLikeButtonView.swift in Sources */,
				B31F1E282389538B000E4028 /* NoInternetViewController.swift in Sources */,
				B31F1E2A23896634000E4028 /* UIElemets.swift in Sources */,
				B3D56EC423911F1900B47B57 /* FavoritesSelectActionView.swift in Sources */,
				B32674192385508700B2E45E /* AppDelegate.swift in Sources */,
				B34902C42386B3BF000EF110 /* Colors.swift in Sources */,
				B3A75B80239806C700A94F9E /* Extensions.swift in Sources */,
				B3FCD1A2238D3DD3001C9FDE /* SettingView.swift in Sources */,
				B306727F239BF591003DF7E2 /* URLBuilder.swift in Sources */,
				B39C491F238DB7D900F4B7AC /* SearchResultTableViewCell.swift in Sources */,
				B39C4919238D730700F4B7AC /* FavoritesTableViewCell.swift in Sources */,
				B3490296238669AF000EF110 /* GameDetailsViewController.swift in Sources */,
				B3751797239AC42100C83078 /* HomeSecondTableViewCell.swift in Sources */,
				B3DB6628238AB45C008265A7 /* GithubTokenHelpers.swift in Sources */,
				B31FF25C2394FFF7002747E3 /* VGDVideoController.swift in Sources */,
				B3DB661F238A7F21008265A7 /* NetworkManager.swift in Sources */,
				B361A3C52392D55100002647 /* GDDescriptionTableViewCell.swift in Sources */,
				B3067277239BBE0E003DF7E2 /* HomeCollectionViewCell.swift in Sources */,
				B321C7CD238AB71A00821B73 /* CoreDataStack.swift in Sources */,
				B3A75B7A2397947000A94F9E /* StrechyHeaderView.swift in Sources */,
				B3E3764B239FA83900CB3284 /* BrowseQuoteTableViewCell.swift in Sources */,
				B3067281239C3C90003DF7E2 /* GamesListModel.swift in Sources */,
				B3E37649239FA10500CB3284 /* QuotesAboutVideoGames.swift in Sources */,
				B3FCD196238CFFF1001C9FDE /* AboutTableViewCell.swift in Sources */,
				B306727D239BE9C3003DF7E2 /* NetworkService.swift in Sources */,
				B3DF37CC239ECF2D00B46D85 /* BrowseTopTableViewCell.swift in Sources */,
				B3E352CE239E83F400C5C34F /* UIBezierPathExtension.swift in Sources */,
				B3751795239A9EEE00C83078 /* HomeTopTableViewCell.swift in Sources */,
				B3DB6622238A8079008265A7 /* GameModelForKeeping.swift in Sources */,
				B399019B23930BDB00E2AB2A /* GDScreenshotsTableViewCell.swift in Sources */,
				B326742F2385531500B2E45E /* BrowseViewController.swift in Sources */,
				B3A75B7E2397D7DF00A94F9E /* MORecentSearchRequest.swift in Sources */,
				B3FCD194238CFA5F001C9FDE /* SettingsViewController.swift in Sources */,
				B3FCD198238D0000001C9FDE /* SettingNormalTableViewCell.swift in Sources */,
				B33D1E05239EC68600507264 /* APICollectionData.swift in Sources */,
				B321C7D0238AB76100821B73 /* VGDModel.xcdatamodeld in Sources */,
				B32A3870239675BB00445901 /* ScreenshotsSliderViewController.swift in Sources */,
				B32E9D6E239B21CA005FE0B3 /* HomeThirdTableViewCell.swift in Sources */,
				B3E3764F239FB9F300CB3284 /* BrowseAgesCollectionViewCell.swift in Sources */,
				B32674332385533D00B2E45E /* FavoritesViewController.swift in Sources */,
				B3E37646239F9F7D00CB3284 /* SqWindowView.swift in Sources */,
				B321C7D8238AD49F00821B73 /* CoreDataManager.swift in Sources */,
				B3067279239BE6E6003DF7E2 /* API.swift in Sources */,
				B321C7D2238AB7D100821B73 /* MOGameDetails.swift in Sources */,
				B32A3872239676FA00445901 /* ScreenshotsSlideCell.swift in Sources */,
				B306727B239BE723003DF7E2 /* URLSessionFactory.swift in Sources */,
				B39C4921238DB7EB00F4B7AC /* SearchRecentTableViewCell.swift in Sources */,
				B3BF66CB239CE679008A653E /* GameModelTemporary.swift in Sources */,
				B361A3C72392EF2000002647 /* GDVideoTableViewCell.swift in Sources */,
				B3E352CC239E7CCC00C5C34F /* TVWindowView.swift in Sources */,
				B326742D238552C500B2E45E /* HomeViewController.swift in Sources */,
				B3E3764D239FB9E300CB3284 /* BrowseAgesTableViewCell.swift in Sources */,
				B3DF37CE239ED2C400B46D85 /* BrowseTopCollectionViewCell.swift in Sources */,
				B31D682D239A467000576ED9 /* AddToFavoritesStubView.swift in Sources */,
			);
			runOnlyForDeploymentPostprocessing = 0;
		};
		B3BA3B1A238BCEC400B9C08D /* Sources */ = {
			isa = PBXSourcesBuildPhase;
			buildActionMask = 2147483647;
			files = (
				B3BA3B2B238BD00600B9C08D /* GameModelForKeepingTest.swift in Sources */,
				B38788BA238C3E61007C0893 /* GameModelForKeeping.swift in Sources */,
			);
			runOnlyForDeploymentPostprocessing = 0;
		};
/* End PBXSourcesBuildPhase section */

/* Begin PBXTargetDependency section */
		B3BA3B24238BCEC400B9C08D /* PBXTargetDependency */ = {
			isa = PBXTargetDependency;
			target = B32674142385508700B2E45E /* vigada (iss course work) */;
			targetProxy = B3BA3B23238BCEC400B9C08D /* PBXContainerItemProxy */;
		};
/* End PBXTargetDependency section */

/* Begin PBXVariantGroup section */
		B32674212385508A00B2E45E /* LaunchScreen.storyboard */ = {
			isa = PBXVariantGroup;
			children = (
				B32674222385508A00B2E45E /* Base */,
			);
			name = LaunchScreen.storyboard;
			sourceTree = "<group>";
		};
/* End PBXVariantGroup section */

/* Begin XCBuildConfiguration section */
		B32674252385508A00B2E45E /* Debug */ = {
			isa = XCBuildConfiguration;
			buildSettings = {
				ALWAYS_SEARCH_USER_PATHS = NO;
				CLANG_ANALYZER_NONNULL = YES;
				CLANG_ANALYZER_NUMBER_OBJECT_CONVERSION = YES_AGGRESSIVE;
				CLANG_CXX_LANGUAGE_STANDARD = "gnu++14";
				CLANG_CXX_LIBRARY = "libc++";
				CLANG_ENABLE_MODULES = YES;
				CLANG_ENABLE_OBJC_ARC = YES;
				CLANG_ENABLE_OBJC_WEAK = YES;
				CLANG_WARN_BLOCK_CAPTURE_AUTORELEASING = YES;
				CLANG_WARN_BOOL_CONVERSION = YES;
				CLANG_WARN_COMMA = YES;
				CLANG_WARN_CONSTANT_CONVERSION = YES;
				CLANG_WARN_DEPRECATED_OBJC_IMPLEMENTATIONS = YES;
				CLANG_WARN_DIRECT_OBJC_ISA_USAGE = YES_ERROR;
				CLANG_WARN_DOCUMENTATION_COMMENTS = YES;
				CLANG_WARN_EMPTY_BODY = YES;
				CLANG_WARN_ENUM_CONVERSION = YES;
				CLANG_WARN_INFINITE_RECURSION = YES;
				CLANG_WARN_INT_CONVERSION = YES;
				CLANG_WARN_NON_LITERAL_NULL_CONVERSION = YES;
				CLANG_WARN_OBJC_IMPLICIT_RETAIN_SELF = YES;
				CLANG_WARN_OBJC_LITERAL_CONVERSION = YES;
				CLANG_WARN_OBJC_ROOT_CLASS = YES_ERROR;
				CLANG_WARN_RANGE_LOOP_ANALYSIS = YES;
				CLANG_WARN_STRICT_PROTOTYPES = YES;
				CLANG_WARN_SUSPICIOUS_MOVE = YES;
				CLANG_WARN_UNGUARDED_AVAILABILITY = YES_AGGRESSIVE;
				CLANG_WARN_UNREACHABLE_CODE = YES;
				CLANG_WARN__DUPLICATE_METHOD_MATCH = YES;
				CODE_SIGN_IDENTITY = "iPhone Developer";
				COPY_PHASE_STRIP = NO;
				DEBUG_INFORMATION_FORMAT = dwarf;
				ENABLE_STRICT_OBJC_MSGSEND = YES;
				ENABLE_TESTABILITY = YES;
				GCC_C_LANGUAGE_STANDARD = gnu11;
				GCC_DYNAMIC_NO_PIC = NO;
				GCC_NO_COMMON_BLOCKS = YES;
				GCC_OPTIMIZATION_LEVEL = 0;
				GCC_PREPROCESSOR_DEFINITIONS = (
					"DEBUG=1",
					"$(inherited)",
				);
				GCC_WARN_64_TO_32_BIT_CONVERSION = YES;
				GCC_WARN_ABOUT_RETURN_TYPE = YES_ERROR;
				GCC_WARN_UNDECLARED_SELECTOR = YES;
				GCC_WARN_UNINITIALIZED_AUTOS = YES_AGGRESSIVE;
				GCC_WARN_UNUSED_FUNCTION = YES;
				GCC_WARN_UNUSED_VARIABLE = YES;
				IPHONEOS_DEPLOYMENT_TARGET = 12.4;
				MTL_ENABLE_DEBUG_INFO = INCLUDE_SOURCE;
				MTL_FAST_MATH = YES;
				ONLY_ACTIVE_ARCH = YES;
				SDKROOT = iphoneos;
				SWIFT_ACTIVE_COMPILATION_CONDITIONS = DEBUG;
				SWIFT_OPTIMIZATION_LEVEL = "-Onone";
			};
			name = Debug;
		};
		B32674262385508A00B2E45E /* Release */ = {
			isa = XCBuildConfiguration;
			buildSettings = {
				ALWAYS_SEARCH_USER_PATHS = NO;
				CLANG_ANALYZER_NONNULL = YES;
				CLANG_ANALYZER_NUMBER_OBJECT_CONVERSION = YES_AGGRESSIVE;
				CLANG_CXX_LANGUAGE_STANDARD = "gnu++14";
				CLANG_CXX_LIBRARY = "libc++";
				CLANG_ENABLE_MODULES = YES;
				CLANG_ENABLE_OBJC_ARC = YES;
				CLANG_ENABLE_OBJC_WEAK = YES;
				CLANG_WARN_BLOCK_CAPTURE_AUTORELEASING = YES;
				CLANG_WARN_BOOL_CONVERSION = YES;
				CLANG_WARN_COMMA = YES;
				CLANG_WARN_CONSTANT_CONVERSION = YES;
				CLANG_WARN_DEPRECATED_OBJC_IMPLEMENTATIONS = YES;
				CLANG_WARN_DIRECT_OBJC_ISA_USAGE = YES_ERROR;
				CLANG_WARN_DOCUMENTATION_COMMENTS = YES;
				CLANG_WARN_EMPTY_BODY = YES;
				CLANG_WARN_ENUM_CONVERSION = YES;
				CLANG_WARN_INFINITE_RECURSION = YES;
				CLANG_WARN_INT_CONVERSION = YES;
				CLANG_WARN_NON_LITERAL_NULL_CONVERSION = YES;
				CLANG_WARN_OBJC_IMPLICIT_RETAIN_SELF = YES;
				CLANG_WARN_OBJC_LITERAL_CONVERSION = YES;
				CLANG_WARN_OBJC_ROOT_CLASS = YES_ERROR;
				CLANG_WARN_RANGE_LOOP_ANALYSIS = YES;
				CLANG_WARN_STRICT_PROTOTYPES = YES;
				CLANG_WARN_SUSPICIOUS_MOVE = YES;
				CLANG_WARN_UNGUARDED_AVAILABILITY = YES_AGGRESSIVE;
				CLANG_WARN_UNREACHABLE_CODE = YES;
				CLANG_WARN__DUPLICATE_METHOD_MATCH = YES;
				CODE_SIGN_IDENTITY = "iPhone Developer";
				COPY_PHASE_STRIP = NO;
				DEBUG_INFORMATION_FORMAT = "dwarf-with-dsym";
				ENABLE_NS_ASSERTIONS = NO;
				ENABLE_STRICT_OBJC_MSGSEND = YES;
				GCC_C_LANGUAGE_STANDARD = gnu11;
				GCC_NO_COMMON_BLOCKS = YES;
				GCC_WARN_64_TO_32_BIT_CONVERSION = YES;
				GCC_WARN_ABOUT_RETURN_TYPE = YES_ERROR;
				GCC_WARN_UNDECLARED_SELECTOR = YES;
				GCC_WARN_UNINITIALIZED_AUTOS = YES_AGGRESSIVE;
				GCC_WARN_UNUSED_FUNCTION = YES;
				GCC_WARN_UNUSED_VARIABLE = YES;
				IPHONEOS_DEPLOYMENT_TARGET = 12.4;
				MTL_ENABLE_DEBUG_INFO = NO;
				MTL_FAST_MATH = YES;
				SDKROOT = iphoneos;
				SWIFT_COMPILATION_MODE = wholemodule;
				SWIFT_OPTIMIZATION_LEVEL = "-O";
				VALIDATE_PRODUCT = YES;
			};
			name = Release;
		};
		B32674282385508A00B2E45E /* Debug */ = {
			isa = XCBuildConfiguration;
			buildSettings = {
				ASSETCATALOG_COMPILER_APPICON_NAME = AppIcon;
				CODE_SIGN_STYLE = Automatic;
				DEVELOPMENT_TEAM = 9A3LV7T75L;
				INFOPLIST_FILE = "vigada (iss course work)/Info.plist";
				LD_RUNPATH_SEARCH_PATHS = (
					"$(inherited)",
					"@executable_path/Frameworks",
				);
				PRODUCT_BUNDLE_IDENTIFIER = "com.m.vigada--iss-course-work-";
				PRODUCT_NAME = "$(TARGET_NAME)";
				SWIFT_VERSION = 5.0;
				TARGETED_DEVICE_FAMILY = "1,2";
			};
			name = Debug;
		};
		B32674292385508A00B2E45E /* Release */ = {
			isa = XCBuildConfiguration;
			buildSettings = {
				ASSETCATALOG_COMPILER_APPICON_NAME = AppIcon;
				CODE_SIGN_STYLE = Automatic;
				DEVELOPMENT_TEAM = 9A3LV7T75L;
				INFOPLIST_FILE = "vigada (iss course work)/Info.plist";
				LD_RUNPATH_SEARCH_PATHS = (
					"$(inherited)",
					"@executable_path/Frameworks",
				);
				PRODUCT_BUNDLE_IDENTIFIER = "com.m.vigada--iss-course-work-";
				PRODUCT_NAME = "$(TARGET_NAME)";
				SWIFT_VERSION = 5.0;
				TARGETED_DEVICE_FAMILY = "1,2";
			};
			name = Release;
		};
		B3BA3B25238BCEC500B9C08D /* Debug */ = {
			isa = XCBuildConfiguration;
			buildSettings = {
				CODE_SIGN_STYLE = Automatic;
				DEVELOPMENT_TEAM = 9A3LV7T75L;
				INFOPLIST_FILE = "vigada (iss course work)Tests/Info.plist";
				LD_RUNPATH_SEARCH_PATHS = (
					"$(inherited)",
					"@executable_path/Frameworks",
					"@loader_path/Frameworks",
				);
				PRODUCT_BUNDLE_IDENTIFIER = "com.m.vigada--iss-course-work-Tests";
				PRODUCT_NAME = "$(TARGET_NAME)";
				SWIFT_VERSION = 5.0;
				TARGETED_DEVICE_FAMILY = "1,2";
			};
			name = Debug;
		};
		B3BA3B26238BCEC500B9C08D /* Release */ = {
			isa = XCBuildConfiguration;
			buildSettings = {
				CODE_SIGN_STYLE = Automatic;
				DEVELOPMENT_TEAM = 9A3LV7T75L;
				INFOPLIST_FILE = "vigada (iss course work)Tests/Info.plist";
				LD_RUNPATH_SEARCH_PATHS = (
					"$(inherited)",
					"@executable_path/Frameworks",
					"@loader_path/Frameworks",
				);
				PRODUCT_BUNDLE_IDENTIFIER = "com.m.vigada--iss-course-work-Tests";
				PRODUCT_NAME = "$(TARGET_NAME)";
				SWIFT_VERSION = 5.0;
				TARGETED_DEVICE_FAMILY = "1,2";
			};
			name = Release;
		};
/* End XCBuildConfiguration section */

/* Begin XCConfigurationList section */
		B32674102385508700B2E45E /* Build configuration list for PBXProject "vigada (iss course work)" */ = {
			isa = XCConfigurationList;
			buildConfigurations = (
				B32674252385508A00B2E45E /* Debug */,
				B32674262385508A00B2E45E /* Release */,
			);
			defaultConfigurationIsVisible = 0;
			defaultConfigurationName = Release;
		};
		B32674272385508A00B2E45E /* Build configuration list for PBXNativeTarget "vigada (iss course work)" */ = {
			isa = XCConfigurationList;
			buildConfigurations = (
				B32674282385508A00B2E45E /* Debug */,
				B32674292385508A00B2E45E /* Release */,
			);
			defaultConfigurationIsVisible = 0;
			defaultConfigurationName = Release;
		};
		B3BA3B27238BCEC500B9C08D /* Build configuration list for PBXNativeTarget "vigada (iss course work)Tests" */ = {
			isa = XCConfigurationList;
			buildConfigurations = (
				B3BA3B25238BCEC500B9C08D /* Debug */,
				B3BA3B26238BCEC500B9C08D /* Release */,
			);
			defaultConfigurationIsVisible = 0;
			defaultConfigurationName = Release;
		};
/* End XCConfigurationList section */

/* Begin XCVersionGroup section */
		B321C7CE238AB76100821B73 /* VGDModel.xcdatamodeld */ = {
			isa = XCVersionGroup;
			children = (
				B321C7CF238AB76100821B73 /* VGDModel.xcdatamodel */,
			);
			currentVersion = B321C7CF238AB76100821B73 /* VGDModel.xcdatamodel */;
			path = VGDModel.xcdatamodeld;
			sourceTree = "<group>";
			versionGroupType = wrapper.xcdatamodel;
		};
/* End XCVersionGroup section */
	};
	rootObject = B326740D2385508700B2E45E /* Project object */;
}
