// !$*UTF8*$!
{
	archiveVersion = 1;
	classes = {
	};
	objectVersion = 50;
	objects = {

/* Begin PBXBuildFile section */
		B32674192385508700B2E45E /* AppDelegate.swift in Sources */ = {isa = PBXBuildFile; fileRef = B32674182385508700B2E45E /* AppDelegate.swift */; };
		B32674202385508A00B2E45E /* Assets.xcassets in Resources */ = {isa = PBXBuildFile; fileRef = B326741F2385508A00B2E45E /* Assets.xcassets */; };
		B32674232385508A00B2E45E /* LaunchScreen.storyboard in Resources */ = {isa = PBXBuildFile; fileRef = B32674212385508A00B2E45E /* LaunchScreen.storyboard */; };
		B326742B2385514F00B2E45E /* TabBarController.swift in Sources */ = {isa = PBXBuildFile; fileRef = B326742A2385514F00B2E45E /* TabBarController.swift */; };
		B326742D238552C500B2E45E /* HomeViewController.swift in Sources */ = {isa = PBXBuildFile; fileRef = B326742C238552C500B2E45E /* HomeViewController.swift */; };
		B326742F2385531500B2E45E /* BrowseViewController.swift in Sources */ = {isa = PBXBuildFile; fileRef = B326742E2385531500B2E45E /* BrowseViewController.swift */; };
		B32674312385532500B2E45E /* SearchViewController.swift in Sources */ = {isa = PBXBuildFile; fileRef = B32674302385532500B2E45E /* SearchViewController.swift */; };
		B32674332385533D00B2E45E /* FavoritesViewController.swift in Sources */ = {isa = PBXBuildFile; fileRef = B32674322385533D00B2E45E /* FavoritesViewController.swift */; };
		B32674352385534C00B2E45E /* SettingsViewController.swift in Sources */ = {isa = PBXBuildFile; fileRef = B32674342385534C00B2E45E /* SettingsViewController.swift */; };
		B32674372385582900B2E45E /* LoaderViewController.swift in Sources */ = {isa = PBXBuildFile; fileRef = B32674362385582900B2E45E /* LoaderViewController.swift */; };
		B3267439238559A200B2E45E /* VGDLoader.swift in Sources */ = {isa = PBXBuildFile; fileRef = B3267438238559A200B2E45E /* VGDLoader.swift */; };
		B3490296238669AF000EF110 /* GameDetailsViewController.swift in Sources */ = {isa = PBXBuildFile; fileRef = B3490295238669AF000EF110 /* GameDetailsViewController.swift */; };
		B349029823866B44000EF110 /* Fonts.swift in Sources */ = {isa = PBXBuildFile; fileRef = B349029723866B44000EF110 /* Fonts.swift */; };
		B349029923867684000EF110 /* NewYorkExtraLarge-Black.otf in Resources */ = {isa = PBXBuildFile; fileRef = B349028A2386683E000EF110 /* NewYorkExtraLarge-Black.otf */; };
		B349029B23867688000EF110 /* NewYorkExtraLarge-Bold.otf in Resources */ = {isa = PBXBuildFile; fileRef = B349028B2386683E000EF110 /* NewYorkExtraLarge-Bold.otf */; };
		B34902A123867688000EF110 /* NewYorkExtraLarge-Regular.otf in Resources */ = {isa = PBXBuildFile; fileRef = B349028D2386683E000EF110 /* NewYorkExtraLarge-Regular.otf */; };
		B34902A223867688000EF110 /* NewYorkExtraLarge-RegularItalic.otf in Resources */ = {isa = PBXBuildFile; fileRef = B349028E2386683E000EF110 /* NewYorkExtraLarge-RegularItalic.otf */; };
		B34902B123867D5F000EF110 /* SF-Mono-Bold.otf in Resources */ = {isa = PBXBuildFile; fileRef = B34902B023867D38000EF110 /* SF-Mono-Bold.otf */; };
		B34902B523867D5F000EF110 /* SF-Mono-Light.otf in Resources */ = {isa = PBXBuildFile; fileRef = B34902A623867D36000EF110 /* SF-Mono-Light.otf */; };
		B34902B923867D5F000EF110 /* SF-Mono-Regular.otf in Resources */ = {isa = PBXBuildFile; fileRef = B34902AB23867D37000EF110 /* SF-Mono-Regular.otf */; };
		B34902BF238680B7000EF110 /* SF-Compact-Text-Bold.otf in Resources */ = {isa = PBXBuildFile; fileRef = B34902BE2386809A000EF110 /* SF-Compact-Text-Bold.otf */; };
		B34902C0238680B7000EF110 /* SF-Compact-Text-Regular.otf in Resources */ = {isa = PBXBuildFile; fileRef = B34902BD23867FBC000EF110 /* SF-Compact-Text-Regular.otf */; };
		B34902C2238680F4000EF110 /* SF-Compact-Text-Light.otf in Resources */ = {isa = PBXBuildFile; fileRef = B34902C1238680EF000EF110 /* SF-Compact-Text-Light.otf */; };
		B34902C42386B3BF000EF110 /* Colors.swift in Sources */ = {isa = PBXBuildFile; fileRef = B34902C32386B3BF000EF110 /* Colors.swift */; };
		B34902C62386CF16000EF110 /* SettingsView.swift in Sources */ = {isa = PBXBuildFile; fileRef = B34902C52386CF16000EF110 /* SettingsView.swift */; };
		B34902C82386D487000EF110 /* AboutView.swift in Sources */ = {isa = PBXBuildFile; fileRef = B34902C72386D487000EF110 /* AboutView.swift */; };
		B377190E238840950074E458 /* vgdLoadGIF.gif in Resources */ = {isa = PBXBuildFile; fileRef = B377190D238840950074E458 /* vgdLoadGIF.gif */; };
		B3915EC523856B4800C2B0C1 /* OnBoardViewController.swift in Sources */ = {isa = PBXBuildFile; fileRef = B3915EC423856B4800C2B0C1 /* OnBoardViewController.swift */; };
		B3994AAB2387D2CB000C705A /* PlayGIF.swift in Sources */ = {isa = PBXBuildFile; fileRef = B3994AAA2387D2CB000C705A /* PlayGIF.swift */; };
/* End PBXBuildFile section */

/* Begin PBXFileReference section */
		B32674152385508700B2E45E /* vigada (iss course work).app */ = {isa = PBXFileReference; explicitFileType = wrapper.application; includeInIndex = 0; path = "vigada (iss course work).app"; sourceTree = BUILT_PRODUCTS_DIR; };
		B32674182385508700B2E45E /* AppDelegate.swift */ = {isa = PBXFileReference; lastKnownFileType = sourcecode.swift; path = AppDelegate.swift; sourceTree = "<group>"; };
		B326741F2385508A00B2E45E /* Assets.xcassets */ = {isa = PBXFileReference; lastKnownFileType = folder.assetcatalog; path = Assets.xcassets; sourceTree = "<group>"; };
		B32674222385508A00B2E45E /* Base */ = {isa = PBXFileReference; lastKnownFileType = file.storyboard; name = Base; path = Base.lproj/LaunchScreen.storyboard; sourceTree = "<group>"; };
		B32674242385508A00B2E45E /* Info.plist */ = {isa = PBXFileReference; lastKnownFileType = text.plist.xml; path = Info.plist; sourceTree = "<group>"; };
		B326742A2385514F00B2E45E /* TabBarController.swift */ = {isa = PBXFileReference; lastKnownFileType = sourcecode.swift; path = TabBarController.swift; sourceTree = "<group>"; };
		B326742C238552C500B2E45E /* HomeViewController.swift */ = {isa = PBXFileReference; lastKnownFileType = sourcecode.swift; path = HomeViewController.swift; sourceTree = "<group>"; };
		B326742E2385531500B2E45E /* BrowseViewController.swift */ = {isa = PBXFileReference; lastKnownFileType = sourcecode.swift; path = BrowseViewController.swift; sourceTree = "<group>"; };
		B32674302385532500B2E45E /* SearchViewController.swift */ = {isa = PBXFileReference; lastKnownFileType = sourcecode.swift; path = SearchViewController.swift; sourceTree = "<group>"; };
		B32674322385533D00B2E45E /* FavoritesViewController.swift */ = {isa = PBXFileReference; lastKnownFileType = sourcecode.swift; path = FavoritesViewController.swift; sourceTree = "<group>"; };
		B32674342385534C00B2E45E /* SettingsViewController.swift */ = {isa = PBXFileReference; lastKnownFileType = sourcecode.swift; path = SettingsViewController.swift; sourceTree = "<group>"; };
		B32674362385582900B2E45E /* LoaderViewController.swift */ = {isa = PBXFileReference; lastKnownFileType = sourcecode.swift; path = LoaderViewController.swift; sourceTree = "<group>"; };
		B3267438238559A200B2E45E /* VGDLoader.swift */ = {isa = PBXFileReference; lastKnownFileType = sourcecode.swift; path = VGDLoader.swift; sourceTree = "<group>"; };
		B349028A2386683E000EF110 /* NewYorkExtraLarge-Black.otf */ = {isa = PBXFileReference; lastKnownFileType = file; path = "NewYorkExtraLarge-Black.otf"; sourceTree = "<group>"; };
		B349028B2386683E000EF110 /* NewYorkExtraLarge-Bold.otf */ = {isa = PBXFileReference; lastKnownFileType = file; path = "NewYorkExtraLarge-Bold.otf"; sourceTree = "<group>"; };
		B349028D2386683E000EF110 /* NewYorkExtraLarge-Regular.otf */ = {isa = PBXFileReference; lastKnownFileType = file; path = "NewYorkExtraLarge-Regular.otf"; sourceTree = "<group>"; };
		B349028E2386683E000EF110 /* NewYorkExtraLarge-RegularItalic.otf */ = {isa = PBXFileReference; lastKnownFileType = file; path = "NewYorkExtraLarge-RegularItalic.otf"; sourceTree = "<group>"; };
		B3490295238669AF000EF110 /* GameDetailsViewController.swift */ = {isa = PBXFileReference; lastKnownFileType = sourcecode.swift; path = GameDetailsViewController.swift; sourceTree = "<group>"; };
		B349029723866B44000EF110 /* Fonts.swift */ = {isa = PBXFileReference; lastKnownFileType = sourcecode.swift; path = Fonts.swift; sourceTree = "<group>"; };
		B34902A623867D36000EF110 /* SF-Mono-Light.otf */ = {isa = PBXFileReference; lastKnownFileType = file; path = "SF-Mono-Light.otf"; sourceTree = "<group>"; };
		B34902AB23867D37000EF110 /* SF-Mono-Regular.otf */ = {isa = PBXFileReference; lastKnownFileType = file; path = "SF-Mono-Regular.otf"; sourceTree = "<group>"; };
		B34902B023867D38000EF110 /* SF-Mono-Bold.otf */ = {isa = PBXFileReference; lastKnownFileType = file; path = "SF-Mono-Bold.otf"; sourceTree = "<group>"; };
		B34902BD23867FBC000EF110 /* SF-Compact-Text-Regular.otf */ = {isa = PBXFileReference; lastKnownFileType = file; path = "SF-Compact-Text-Regular.otf"; sourceTree = "<group>"; };
		B34902BE2386809A000EF110 /* SF-Compact-Text-Bold.otf */ = {isa = PBXFileReference; lastKnownFileType = file; path = "SF-Compact-Text-Bold.otf"; sourceTree = "<group>"; };
		B34902C1238680EF000EF110 /* SF-Compact-Text-Light.otf */ = {isa = PBXFileReference; lastKnownFileType = file; path = "SF-Compact-Text-Light.otf"; sourceTree = "<group>"; };
		B34902C32386B3BF000EF110 /* Colors.swift */ = {isa = PBXFileReference; lastKnownFileType = sourcecode.swift; path = Colors.swift; sourceTree = "<group>"; };
		B34902C52386CF16000EF110 /* SettingsView.swift */ = {isa = PBXFileReference; lastKnownFileType = sourcecode.swift; path = SettingsView.swift; sourceTree = "<group>"; };
		B34902C72386D487000EF110 /* AboutView.swift */ = {isa = PBXFileReference; lastKnownFileType = sourcecode.swift; path = AboutView.swift; sourceTree = "<group>"; };
		B377190D238840950074E458 /* vgdLoadGIF.gif */ = {isa = PBXFileReference; lastKnownFileType = image.gif; path = vgdLoadGIF.gif; sourceTree = "<group>"; };
		B3915EC423856B4800C2B0C1 /* OnBoardViewController.swift */ = {isa = PBXFileReference; lastKnownFileType = sourcecode.swift; path = OnBoardViewController.swift; sourceTree = "<group>"; };
		B3994AAA2387D2CB000C705A /* PlayGIF.swift */ = {isa = PBXFileReference; lastKnownFileType = sourcecode.swift; path = PlayGIF.swift; sourceTree = "<group>"; };
/* End PBXFileReference section */

/* Begin PBXFrameworksBuildPhase section */
		B32674122385508700B2E45E /* Frameworks */ = {
			isa = PBXFrameworksBuildPhase;
			buildActionMask = 2147483647;
			files = (
			);
			runOnlyForDeploymentPostprocessing = 0;
		};
/* End PBXFrameworksBuildPhase section */

/* Begin PBXGroup section */
		B326740C2385508700B2E45E = {
			isa = PBXGroup;
			children = (
				B32674172385508700B2E45E /* vigada (iss course work) */,
				B32674162385508700B2E45E /* Products */,
				B349029423866845000EF110 /* Fonts */,
				B3994AAC2387D465000C705A /* Media */,
			);
			sourceTree = "<group>";
		};
		B32674162385508700B2E45E /* Products */ = {
			isa = PBXGroup;
			children = (
				B32674152385508700B2E45E /* vigada (iss course work).app */,
			);
			name = Products;
			sourceTree = "<group>";
		};
		B32674172385508700B2E45E /* vigada (iss course work) */ = {
			isa = PBXGroup;
			children = (
				B326743C23855AD600B2E45E /* Controllers */,
				B37FCBBE2385F07F00BE845A /* Cells */,
				B37FCBBD2385F07100BE845A /* Views */,
				B37FCBBF2385F09100BE845A /* Models */,
				B326743D23855B0300B2E45E /* Helpers */,
				B326741F2385508A00B2E45E /* Assets.xcassets */,
				B32674212385508A00B2E45E /* LaunchScreen.storyboard */,
				B32674182385508700B2E45E /* AppDelegate.swift */,
				B32674242385508A00B2E45E /* Info.plist */,
			);
			path = "vigada (iss course work)";
			sourceTree = "<group>";
		};
		B326743B23855AB000B2E45E /* ViewControllers */ = {
			isa = PBXGroup;
			children = (
				B32674362385582900B2E45E /* LoaderViewController.swift */,
				B3915EC423856B4800C2B0C1 /* OnBoardViewController.swift */,
				B326742C238552C500B2E45E /* HomeViewController.swift */,
				B326742E2385531500B2E45E /* BrowseViewController.swift */,
				B32674302385532500B2E45E /* SearchViewController.swift */,
				B32674322385533D00B2E45E /* FavoritesViewController.swift */,
				B32674342385534C00B2E45E /* SettingsViewController.swift */,
				B3490295238669AF000EF110 /* GameDetailsViewController.swift */,
			);
			name = ViewControllers;
			sourceTree = "<group>";
		};
		B326743C23855AD600B2E45E /* Controllers */ = {
			isa = PBXGroup;
			children = (
				B326742A2385514F00B2E45E /* TabBarController.swift */,
				B326743B23855AB000B2E45E /* ViewControllers */,
			);
			name = Controllers;
			sourceTree = "<group>";
		};
		B326743D23855B0300B2E45E /* Helpers */ = {
			isa = PBXGroup;
			children = (
				B3267438238559A200B2E45E /* VGDLoader.swift */,
				B349029723866B44000EF110 /* Fonts.swift */,
				B3994AAA2387D2CB000C705A /* PlayGIF.swift */,
				B34902C32386B3BF000EF110 /* Colors.swift */,
			);
			name = Helpers;
			sourceTree = "<group>";
		};
		B349029423866845000EF110 /* Fonts */ = {
			isa = PBXGroup;
			children = (
				B34902C1238680EF000EF110 /* SF-Compact-Text-Light.otf */,
				B34902BE2386809A000EF110 /* SF-Compact-Text-Bold.otf */,
				B34902BD23867FBC000EF110 /* SF-Compact-Text-Regular.otf */,
				B34902B023867D38000EF110 /* SF-Mono-Bold.otf */,
				B34902A623867D36000EF110 /* SF-Mono-Light.otf */,
				B34902AB23867D37000EF110 /* SF-Mono-Regular.otf */,
				B349028A2386683E000EF110 /* NewYorkExtraLarge-Black.otf */,
				B349028B2386683E000EF110 /* NewYorkExtraLarge-Bold.otf */,
				B349028D2386683E000EF110 /* NewYorkExtraLarge-Regular.otf */,
				B349028E2386683E000EF110 /* NewYorkExtraLarge-RegularItalic.otf */,
			);
			path = Fonts;
			sourceTree = "<group>";
		};
		B37FCBBD2385F07100BE845A /* Views */ = {
			isa = PBXGroup;
			children = (
				B34902C52386CF16000EF110 /* SettingsView.swift */,
				B34902C72386D487000EF110 /* AboutView.swift */,
			);
			name = Views;
			sourceTree = "<group>";
		};
		B37FCBBE2385F07F00BE845A /* Cells */ = {
			isa = PBXGroup;
			children = (
			);
			name = Cells;
			sourceTree = "<group>";
		};
		B37FCBBF2385F09100BE845A /* Models */ = {
			isa = PBXGroup;
			children = (
			);
			name = Models;
			sourceTree = "<group>";
		};
		B3994AAC2387D465000C705A /* Media */ = {
			isa = PBXGroup;
			children = (
				B377190D238840950074E458 /* vgdLoadGIF.gif */,
			);
			path = Media;
			sourceTree = "<group>";
		};
/* End PBXGroup section */

/* Begin PBXNativeTarget section */
		B32674142385508700B2E45E /* vigada (iss course work) */ = {
			isa = PBXNativeTarget;
			buildConfigurationList = B32674272385508A00B2E45E /* Build configuration list for PBXNativeTarget "vigada (iss course work)" */;
			buildPhases = (
				B326743A23855A9800B2E45E /* ShellScript */,
				B32674112385508700B2E45E /* Sources */,
				B32674122385508700B2E45E /* Frameworks */,
				B32674132385508700B2E45E /* Resources */,
			);
			buildRules = (
			);
			dependencies = (
			);
			name = "vigada (iss course work)";
			productName = "vigada (iss course work)";
			productReference = B32674152385508700B2E45E /* vigada (iss course work).app */;
			productType = "com.apple.product-type.application";
		};
/* End PBXNativeTarget section */

/* Begin PBXProject section */
		B326740D2385508700B2E45E /* Project object */ = {
			isa = PBXProject;
			attributes = {
				LastSwiftUpdateCheck = 1030;
				LastUpgradeCheck = 1030;
				ORGANIZATIONNAME = "Maxim Marchuk";
				TargetAttributes = {
					B32674142385508700B2E45E = {
						CreatedOnToolsVersion = 10.3;
					};
				};
			};
			buildConfigurationList = B32674102385508700B2E45E /* Build configuration list for PBXProject "vigada (iss course work)" */;
			compatibilityVersion = "Xcode 9.3";
			developmentRegion = en;
			hasScannedForEncodings = 0;
			knownRegions = (
				en,
				Base,
			);
			mainGroup = B326740C2385508700B2E45E;
			productRefGroup = B32674162385508700B2E45E /* Products */;
			projectDirPath = "";
			projectRoot = "";
			targets = (
				B32674142385508700B2E45E /* vigada (iss course work) */,
			);
		};
/* End PBXProject section */

/* Begin PBXResourcesBuildPhase section */
		B32674132385508700B2E45E /* Resources */ = {
			isa = PBXResourcesBuildPhase;
			buildActionMask = 2147483647;
			files = (
				B349029B23867688000EF110 /* NewYorkExtraLarge-Bold.otf in Resources */,
				B34902B523867D5F000EF110 /* SF-Mono-Light.otf in Resources */,
				B34902C0238680B7000EF110 /* SF-Compact-Text-Regular.otf in Resources */,
				B377190E238840950074E458 /* vgdLoadGIF.gif in Resources */,
				B34902A223867688000EF110 /* NewYorkExtraLarge-RegularItalic.otf in Resources */,
				B34902B923867D5F000EF110 /* SF-Mono-Regular.otf in Resources */,
				B349029923867684000EF110 /* NewYorkExtraLarge-Black.otf in Resources */,
				B32674232385508A00B2E45E /* LaunchScreen.storyboard in Resources */,
				B34902C2238680F4000EF110 /* SF-Compact-Text-Light.otf in Resources */,
				B34902BF238680B7000EF110 /* SF-Compact-Text-Bold.otf in Resources */,
				B34902B123867D5F000EF110 /* SF-Mono-Bold.otf in Resources */,
				B32674202385508A00B2E45E /* Assets.xcassets in Resources */,
				B34902A123867688000EF110 /* NewYorkExtraLarge-Regular.otf in Resources */,
			);
			runOnlyForDeploymentPostprocessing = 0;
		};
/* End PBXResourcesBuildPhase section */

/* Begin PBXShellScriptBuildPhase section */
		B326743A23855A9800B2E45E /* ShellScript */ = {
			isa = PBXShellScriptBuildPhase;
			buildActionMask = 2147483647;
			files = (
			);
			inputFileListPaths = (
			);
			inputPaths = (
			);
			outputFileListPaths = (
			);
			outputPaths = (
			);
			runOnlyForDeploymentPostprocessing = 0;
			shellPath = /bin/sh;
			shellScript = "# Type a script or drag a script file from your workspace to insert its path.\nif which swiftlint >/dev/null; then\nswiftlint\nelse\necho \"warning: SwiftLint not installed, download from https://github.com/realm/SwiftLint\"\nfi\n";
		};
/* End PBXShellScriptBuildPhase section */

/* Begin PBXSourcesBuildPhase section */
		B32674112385508700B2E45E /* Sources */ = {
			isa = PBXSourcesBuildPhase;
			buildActionMask = 2147483647;
			files = (
				B32674312385532500B2E45E /* SearchViewController.swift in Sources */,
				B326742B2385514F00B2E45E /* TabBarController.swift in Sources */,
				B3267439238559A200B2E45E /* VGDLoader.swift in Sources */,
				B32674352385534C00B2E45E /* SettingsViewController.swift in Sources */,
				B3994AAB2387D2CB000C705A /* PlayGIF.swift in Sources */,
				B34902C82386D487000EF110 /* AboutView.swift in Sources */,
				B349029823866B44000EF110 /* Fonts.swift in Sources */,
				B3915EC523856B4800C2B0C1 /* OnBoardViewController.swift in Sources */,
				B32674372385582900B2E45E /* LoaderViewController.swift in Sources */,
				B34902C62386CF16000EF110 /* SettingsView.swift in Sources */,
				B32674192385508700B2E45E /* AppDelegate.swift in Sources */,
				B34902C42386B3BF000EF110 /* Colors.swift in Sources */,
				B3490296238669AF000EF110 /* GameDetailsViewController.swift in Sources */,
				B326742F2385531500B2E45E /* BrowseViewController.swift in Sources */,
				B32674332385533D00B2E45E /* FavoritesViewController.swift in Sources */,
				B326742D238552C500B2E45E /* HomeViewController.swift in Sources */,
			);
			runOnlyForDeploymentPostprocessing = 0;
		};
/* End PBXSourcesBuildPhase section */

/* Begin PBXVariantGroup section */
		B32674212385508A00B2E45E /* LaunchScreen.storyboard */ = {
			isa = PBXVariantGroup;
			children = (
				B32674222385508A00B2E45E /* Base */,
			);
			name = LaunchScreen.storyboard;
			sourceTree = "<group>";
		};
/* End PBXVariantGroup section */

/* Begin XCBuildConfiguration section */
		B32674252385508A00B2E45E /* Debug */ = {
			isa = XCBuildConfiguration;
			buildSettings = {
				ALWAYS_SEARCH_USER_PATHS = NO;
				CLANG_ANALYZER_NONNULL = YES;
				CLANG_ANALYZER_NUMBER_OBJECT_CONVERSION = YES_AGGRESSIVE;
				CLANG_CXX_LANGUAGE_STANDARD = "gnu++14";
				CLANG_CXX_LIBRARY = "libc++";
				CLANG_ENABLE_MODULES = YES;
				CLANG_ENABLE_OBJC_ARC = YES;
				CLANG_ENABLE_OBJC_WEAK = YES;
				CLANG_WARN_BLOCK_CAPTURE_AUTORELEASING = YES;
				CLANG_WARN_BOOL_CONVERSION = YES;
				CLANG_WARN_COMMA = YES;
				CLANG_WARN_CONSTANT_CONVERSION = YES;
				CLANG_WARN_DEPRECATED_OBJC_IMPLEMENTATIONS = YES;
				CLANG_WARN_DIRECT_OBJC_ISA_USAGE = YES_ERROR;
				CLANG_WARN_DOCUMENTATION_COMMENTS = YES;
				CLANG_WARN_EMPTY_BODY = YES;
				CLANG_WARN_ENUM_CONVERSION = YES;
				CLANG_WARN_INFINITE_RECURSION = YES;
				CLANG_WARN_INT_CONVERSION = YES;
				CLANG_WARN_NON_LITERAL_NULL_CONVERSION = YES;
				CLANG_WARN_OBJC_IMPLICIT_RETAIN_SELF = YES;
				CLANG_WARN_OBJC_LITERAL_CONVERSION = YES;
				CLANG_WARN_OBJC_ROOT_CLASS = YES_ERROR;
				CLANG_WARN_RANGE_LOOP_ANALYSIS = YES;
				CLANG_WARN_STRICT_PROTOTYPES = YES;
				CLANG_WARN_SUSPICIOUS_MOVE = YES;
				CLANG_WARN_UNGUARDED_AVAILABILITY = YES_AGGRESSIVE;
				CLANG_WARN_UNREACHABLE_CODE = YES;
				CLANG_WARN__DUPLICATE_METHOD_MATCH = YES;
				CODE_SIGN_IDENTITY = "iPhone Developer";
				COPY_PHASE_STRIP = NO;
				DEBUG_INFORMATION_FORMAT = dwarf;
				ENABLE_STRICT_OBJC_MSGSEND = YES;
				ENABLE_TESTABILITY = YES;
				GCC_C_LANGUAGE_STANDARD = gnu11;
				GCC_DYNAMIC_NO_PIC = NO;
				GCC_NO_COMMON_BLOCKS = YES;
				GCC_OPTIMIZATION_LEVEL = 0;
				GCC_PREPROCESSOR_DEFINITIONS = (
					"DEBUG=1",
					"$(inherited)",
				);
				GCC_WARN_64_TO_32_BIT_CONVERSION = YES;
				GCC_WARN_ABOUT_RETURN_TYPE = YES_ERROR;
				GCC_WARN_UNDECLARED_SELECTOR = YES;
				GCC_WARN_UNINITIALIZED_AUTOS = YES_AGGRESSIVE;
				GCC_WARN_UNUSED_FUNCTION = YES;
				GCC_WARN_UNUSED_VARIABLE = YES;
				IPHONEOS_DEPLOYMENT_TARGET = 12.4;
				MTL_ENABLE_DEBUG_INFO = INCLUDE_SOURCE;
				MTL_FAST_MATH = YES;
				ONLY_ACTIVE_ARCH = YES;
				SDKROOT = iphoneos;
				SWIFT_ACTIVE_COMPILATION_CONDITIONS = DEBUG;
				SWIFT_OPTIMIZATION_LEVEL = "-Onone";
			};
			name = Debug;
		};
		B32674262385508A00B2E45E /* Release */ = {
			isa = XCBuildConfiguration;
			buildSettings = {
				ALWAYS_SEARCH_USER_PATHS = NO;
				CLANG_ANALYZER_NONNULL = YES;
				CLANG_ANALYZER_NUMBER_OBJECT_CONVERSION = YES_AGGRESSIVE;
				CLANG_CXX_LANGUAGE_STANDARD = "gnu++14";
				CLANG_CXX_LIBRARY = "libc++";
				CLANG_ENABLE_MODULES = YES;
				CLANG_ENABLE_OBJC_ARC = YES;
				CLANG_ENABLE_OBJC_WEAK = YES;
				CLANG_WARN_BLOCK_CAPTURE_AUTORELEASING = YES;
				CLANG_WARN_BOOL_CONVERSION = YES;
				CLANG_WARN_COMMA = YES;
				CLANG_WARN_CONSTANT_CONVERSION = YES;
				CLANG_WARN_DEPRECATED_OBJC_IMPLEMENTATIONS = YES;
				CLANG_WARN_DIRECT_OBJC_ISA_USAGE = YES_ERROR;
				CLANG_WARN_DOCUMENTATION_COMMENTS = YES;
				CLANG_WARN_EMPTY_BODY = YES;
				CLANG_WARN_ENUM_CONVERSION = YES;
				CLANG_WARN_INFINITE_RECURSION = YES;
				CLANG_WARN_INT_CONVERSION = YES;
				CLANG_WARN_NON_LITERAL_NULL_CONVERSION = YES;
				CLANG_WARN_OBJC_IMPLICIT_RETAIN_SELF = YES;
				CLANG_WARN_OBJC_LITERAL_CONVERSION = YES;
				CLANG_WARN_OBJC_ROOT_CLASS = YES_ERROR;
				CLANG_WARN_RANGE_LOOP_ANALYSIS = YES;
				CLANG_WARN_STRICT_PROTOTYPES = YES;
				CLANG_WARN_SUSPICIOUS_MOVE = YES;
				CLANG_WARN_UNGUARDED_AVAILABILITY = YES_AGGRESSIVE;
				CLANG_WARN_UNREACHABLE_CODE = YES;
				CLANG_WARN__DUPLICATE_METHOD_MATCH = YES;
				CODE_SIGN_IDENTITY = "iPhone Developer";
				COPY_PHASE_STRIP = NO;
				DEBUG_INFORMATION_FORMAT = "dwarf-with-dsym";
				ENABLE_NS_ASSERTIONS = NO;
				ENABLE_STRICT_OBJC_MSGSEND = YES;
				GCC_C_LANGUAGE_STANDARD = gnu11;
				GCC_NO_COMMON_BLOCKS = YES;
				GCC_WARN_64_TO_32_BIT_CONVERSION = YES;
				GCC_WARN_ABOUT_RETURN_TYPE = YES_ERROR;
				GCC_WARN_UNDECLARED_SELECTOR = YES;
				GCC_WARN_UNINITIALIZED_AUTOS = YES_AGGRESSIVE;
				GCC_WARN_UNUSED_FUNCTION = YES;
				GCC_WARN_UNUSED_VARIABLE = YES;
				IPHONEOS_DEPLOYMENT_TARGET = 12.4;
				MTL_ENABLE_DEBUG_INFO = NO;
				MTL_FAST_MATH = YES;
				SDKROOT = iphoneos;
				SWIFT_COMPILATION_MODE = wholemodule;
				SWIFT_OPTIMIZATION_LEVEL = "-O";
				VALIDATE_PRODUCT = YES;
			};
			name = Release;
		};
		B32674282385508A00B2E45E /* Debug */ = {
			isa = XCBuildConfiguration;
			buildSettings = {
				ASSETCATALOG_COMPILER_APPICON_NAME = AppIcon;
				CODE_SIGN_STYLE = Automatic;
				DEVELOPMENT_TEAM = 9A3LV7T75L;
				INFOPLIST_FILE = "vigada (iss course work)/Info.plist";
				LD_RUNPATH_SEARCH_PATHS = (
					"$(inherited)",
					"@executable_path/Frameworks",
				);
				PRODUCT_BUNDLE_IDENTIFIER = "com.m.vigada--iss-course-work-";
				PRODUCT_NAME = "$(TARGET_NAME)";
				SWIFT_VERSION = 5.0;
				TARGETED_DEVICE_FAMILY = "1,2";
			};
			name = Debug;
		};
		B32674292385508A00B2E45E /* Release */ = {
			isa = XCBuildConfiguration;
			buildSettings = {
				ASSETCATALOG_COMPILER_APPICON_NAME = AppIcon;
				CODE_SIGN_STYLE = Automatic;
				DEVELOPMENT_TEAM = 9A3LV7T75L;
				INFOPLIST_FILE = "vigada (iss course work)/Info.plist";
				LD_RUNPATH_SEARCH_PATHS = (
					"$(inherited)",
					"@executable_path/Frameworks",
				);
				PRODUCT_BUNDLE_IDENTIFIER = "com.m.vigada--iss-course-work-";
				PRODUCT_NAME = "$(TARGET_NAME)";
				SWIFT_VERSION = 5.0;
				TARGETED_DEVICE_FAMILY = "1,2";
			};
			name = Release;
		};
/* End XCBuildConfiguration section */

/* Begin XCConfigurationList section */
		B32674102385508700B2E45E /* Build configuration list for PBXProject "vigada (iss course work)" */ = {
			isa = XCConfigurationList;
			buildConfigurations = (
				B32674252385508A00B2E45E /* Debug */,
				B32674262385508A00B2E45E /* Release */,
			);
			defaultConfigurationIsVisible = 0;
			defaultConfigurationName = Release;
		};
		B32674272385508A00B2E45E /* Build configuration list for PBXNativeTarget "vigada (iss course work)" */ = {
			isa = XCConfigurationList;
			buildConfigurations = (
				B32674282385508A00B2E45E /* Debug */,
				B32674292385508A00B2E45E /* Release */,
			);
			defaultConfigurationIsVisible = 0;
			defaultConfigurationName = Release;
		};
/* End XCConfigurationList section */
	};
	rootObject = B326740D2385508700B2E45E /* Project object */;
}
